// !$*UTF8*$!
{
	archiveVersion = 1;
	classes = {
	};
	objectVersion = 51;
	objects = {

/* Begin PBXBuildFile section */
		7746C3B523DE581C00DDC27C /* AppDelegate.swift in Sources */ = {isa = PBXBuildFile; fileRef = 7746C3B423DE581C00DDC27C /* AppDelegate.swift */; };
		7746C3B723DE581C00DDC27C /* SceneDelegate.swift in Sources */ = {isa = PBXBuildFile; fileRef = 7746C3B623DE581C00DDC27C /* SceneDelegate.swift */; };
		7746C3B923DE581C00DDC27C /* ViewController.swift in Sources */ = {isa = PBXBuildFile; fileRef = 7746C3B823DE581C00DDC27C /* ViewController.swift */; };
		7746C3BC23DE581C00DDC27C /* Main.storyboard in Resources */ = {isa = PBXBuildFile; fileRef = 7746C3BA23DE581C00DDC27C /* Main.storyboard */; };
		7746C3BE23DE581D00DDC27C /* Assets.xcassets in Resources */ = {isa = PBXBuildFile; fileRef = 7746C3BD23DE581D00DDC27C /* Assets.xcassets */; };
		7746C3C123DE581D00DDC27C /* LaunchScreen.storyboard in Resources */ = {isa = PBXBuildFile; fileRef = 7746C3BF23DE581D00DDC27C /* LaunchScreen.storyboard */; };
		7746C3CC23DE581E00DDC27C /* LoginTests.swift in Sources */ = {isa = PBXBuildFile; fileRef = 7746C3CB23DE581E00DDC27C /* LoginTests.swift */; };
		7746C3D723DE581E00DDC27C /* LoginUITests.swift in Sources */ = {isa = PBXBuildFile; fileRef = 7746C3D623DE581E00DDC27C /* LoginUITests.swift */; };
		7791645A23DECE6600BDDDCC /* GoogleService-Info.plist in Resources */ = {isa = PBXBuildFile; fileRef = 7791645923DECE6600BDDDCC /* GoogleService-Info.plist */; };
		77E74DC623E222C100C6E65C /* SignUpViewController.swift in Sources */ = {isa = PBXBuildFile; fileRef = 77E74DC523E222C100C6E65C /* SignUpViewController.swift */; };
		77E74DC823E222CF00C6E65C /* LoginViewController.swift in Sources */ = {isa = PBXBuildFile; fileRef = 77E74DC723E222CF00C6E65C /* LoginViewController.swift */; };
		77E74DCA23E222E700C6E65C /* HomeViewController.swift in Sources */ = {isa = PBXBuildFile; fileRef = 77E74DC923E222E700C6E65C /* HomeViewController.swift */; };
		77E74DCD23E240F000C6E65C /* Constants.swift in Sources */ = {isa = PBXBuildFile; fileRef = 77E74DCC23E240F000C6E65C /* Constants.swift */; };
		77E804CE23EB6AE300432DCD /* Experience.rcproject in Sources */ = {isa = PBXBuildFile; fileRef = 77E804CD23EB6AE300432DCD /* Experience.rcproject */; };
		840396B84711DBF0D8C708E9 /* Pods_Login_LoginUITests.framework in Frameworks */ = {isa = PBXBuildFile; fileRef = 728D207DB3856DDE2413FBA7 /* Pods_Login_LoginUITests.framework */; };
		8915D5995379065F1C653BEB /* Pods_LoginTests.framework in Frameworks */ = {isa = PBXBuildFile; fileRef = 59ECB37AE43FC4BFA2F06DC0 /* Pods_LoginTests.framework */; };
		FFEC7F6A55F16F5916A05893 /* Pods_Login.framework in Frameworks */ = {isa = PBXBuildFile; fileRef = 329A5137A7D43F29383203FB /* Pods_Login.framework */; };
/* End PBXBuildFile section */

/* Begin PBXContainerItemProxy section */
		7746C3C823DE581E00DDC27C /* PBXContainerItemProxy */ = {
			isa = PBXContainerItemProxy;
			containerPortal = 7746C3A923DE581C00DDC27C /* Project object */;
			proxyType = 1;
			remoteGlobalIDString = 7746C3B023DE581C00DDC27C;
			remoteInfo = Login;
		};
		7746C3D323DE581E00DDC27C /* PBXContainerItemProxy */ = {
			isa = PBXContainerItemProxy;
			containerPortal = 7746C3A923DE581C00DDC27C /* Project object */;
			proxyType = 1;
			remoteGlobalIDString = 7746C3B023DE581C00DDC27C;
			remoteInfo = Login;
		};
/* End PBXContainerItemProxy section */

/* Begin PBXFileReference section */
		1BF7307A4120D91EA46D1864 /* Pods-Login.debug.xcconfig */ = {isa = PBXFileReference; includeInIndex = 1; lastKnownFileType = text.xcconfig; name = "Pods-Login.debug.xcconfig"; path = "Target Support Files/Pods-Login/Pods-Login.debug.xcconfig"; sourceTree = "<group>"; };
		329A5137A7D43F29383203FB /* Pods_Login.framework */ = {isa = PBXFileReference; explicitFileType = wrapper.framework; includeInIndex = 0; path = Pods_Login.framework; sourceTree = BUILT_PRODUCTS_DIR; };
		3CD6D16C1BFA3478256D3990 /* Pods-Login-LoginUITests.debug.xcconfig */ = {isa = PBXFileReference; includeInIndex = 1; lastKnownFileType = text.xcconfig; name = "Pods-Login-LoginUITests.debug.xcconfig"; path = "Target Support Files/Pods-Login-LoginUITests/Pods-Login-LoginUITests.debug.xcconfig"; sourceTree = "<group>"; };
		59ECB37AE43FC4BFA2F06DC0 /* Pods_LoginTests.framework */ = {isa = PBXFileReference; explicitFileType = wrapper.framework; includeInIndex = 0; path = Pods_LoginTests.framework; sourceTree = BUILT_PRODUCTS_DIR; };
		728D207DB3856DDE2413FBA7 /* Pods_Login_LoginUITests.framework */ = {isa = PBXFileReference; explicitFileType = wrapper.framework; includeInIndex = 0; path = Pods_Login_LoginUITests.framework; sourceTree = BUILT_PRODUCTS_DIR; };
		7746C3B123DE581C00DDC27C /* Login.app */ = {isa = PBXFileReference; explicitFileType = wrapper.application; includeInIndex = 0; path = Login.app; sourceTree = BUILT_PRODUCTS_DIR; };
		7746C3B423DE581C00DDC27C /* AppDelegate.swift */ = {isa = PBXFileReference; lastKnownFileType = sourcecode.swift; path = AppDelegate.swift; sourceTree = "<group>"; };
		7746C3B623DE581C00DDC27C /* SceneDelegate.swift */ = {isa = PBXFileReference; lastKnownFileType = sourcecode.swift; path = SceneDelegate.swift; sourceTree = "<group>"; };
		7746C3B823DE581C00DDC27C /* ViewController.swift */ = {isa = PBXFileReference; lastKnownFileType = sourcecode.swift; path = ViewController.swift; sourceTree = "<group>"; };
		7746C3BB23DE581C00DDC27C /* Base */ = {isa = PBXFileReference; lastKnownFileType = file.storyboard; name = Base; path = Base.lproj/Main.storyboard; sourceTree = "<group>"; };
		7746C3BD23DE581D00DDC27C /* Assets.xcassets */ = {isa = PBXFileReference; lastKnownFileType = folder.assetcatalog; path = Assets.xcassets; sourceTree = "<group>"; };
		7746C3C023DE581D00DDC27C /* Base */ = {isa = PBXFileReference; lastKnownFileType = file.storyboard; name = Base; path = Base.lproj/LaunchScreen.storyboard; sourceTree = "<group>"; };
		7746C3C223DE581D00DDC27C /* Info.plist */ = {isa = PBXFileReference; lastKnownFileType = text.plist.xml; path = Info.plist; sourceTree = "<group>"; };
		7746C3C723DE581E00DDC27C /* LoginTests.xctest */ = {isa = PBXFileReference; explicitFileType = wrapper.cfbundle; includeInIndex = 0; path = LoginTests.xctest; sourceTree = BUILT_PRODUCTS_DIR; };
		7746C3CB23DE581E00DDC27C /* LoginTests.swift */ = {isa = PBXFileReference; lastKnownFileType = sourcecode.swift; path = LoginTests.swift; sourceTree = "<group>"; };
		7746C3CD23DE581E00DDC27C /* Info.plist */ = {isa = PBXFileReference; lastKnownFileType = text.plist.xml; path = Info.plist; sourceTree = "<group>"; };
		7746C3D223DE581E00DDC27C /* LoginUITests.xctest */ = {isa = PBXFileReference; explicitFileType = wrapper.cfbundle; includeInIndex = 0; path = LoginUITests.xctest; sourceTree = BUILT_PRODUCTS_DIR; };
		7746C3D623DE581E00DDC27C /* LoginUITests.swift */ = {isa = PBXFileReference; lastKnownFileType = sourcecode.swift; path = LoginUITests.swift; sourceTree = "<group>"; };
		7746C3D823DE581E00DDC27C /* Info.plist */ = {isa = PBXFileReference; lastKnownFileType = text.plist.xml; path = Info.plist; sourceTree = "<group>"; };
		7791645923DECE6600BDDDCC /* GoogleService-Info.plist */ = {isa = PBXFileReference; fileEncoding = 4; lastKnownFileType = text.plist.xml; path = "GoogleService-Info.plist"; sourceTree = "<group>"; };
		77E74DC523E222C100C6E65C /* SignUpViewController.swift */ = {isa = PBXFileReference; lastKnownFileType = sourcecode.swift; path = SignUpViewController.swift; sourceTree = "<group>"; };
		77E74DC723E222CF00C6E65C /* LoginViewController.swift */ = {isa = PBXFileReference; lastKnownFileType = sourcecode.swift; path = LoginViewController.swift; sourceTree = "<group>"; };
		77E74DC923E222E700C6E65C /* HomeViewController.swift */ = {isa = PBXFileReference; lastKnownFileType = sourcecode.swift; path = HomeViewController.swift; sourceTree = "<group>"; };
		77E74DCC23E240F000C6E65C /* Constants.swift */ = {isa = PBXFileReference; lastKnownFileType = sourcecode.swift; path = Constants.swift; sourceTree = "<group>"; };
		77E804CD23EB6AE300432DCD /* Experience.rcproject */ = {isa = PBXFileReference; lastKnownFileType = file.rcproject; path = Experience.rcproject; sourceTree = "<group>"; };
		7C1A970FF1753B5DF0286F26 /* Pods-Login.release.xcconfig */ = {isa = PBXFileReference; includeInIndex = 1; lastKnownFileType = text.xcconfig; name = "Pods-Login.release.xcconfig"; path = "Target Support Files/Pods-Login/Pods-Login.release.xcconfig"; sourceTree = "<group>"; };
		B85FA82401D5724932CA74A7 /* Pods-Login-LoginUITests.release.xcconfig */ = {isa = PBXFileReference; includeInIndex = 1; lastKnownFileType = text.xcconfig; name = "Pods-Login-LoginUITests.release.xcconfig"; path = "Target Support Files/Pods-Login-LoginUITests/Pods-Login-LoginUITests.release.xcconfig"; sourceTree = "<group>"; };
		D12B60A23CE2829BFF713547 /* Pods-LoginTests.debug.xcconfig */ = {isa = PBXFileReference; includeInIndex = 1; lastKnownFileType = text.xcconfig; name = "Pods-LoginTests.debug.xcconfig"; path = "Target Support Files/Pods-LoginTests/Pods-LoginTests.debug.xcconfig"; sourceTree = "<group>"; };
		D7AB918D93536D5B88048109 /* Pods-LoginTests.release.xcconfig */ = {isa = PBXFileReference; includeInIndex = 1; lastKnownFileType = text.xcconfig; name = "Pods-LoginTests.release.xcconfig"; path = "Target Support Files/Pods-LoginTests/Pods-LoginTests.release.xcconfig"; sourceTree = "<group>"; };
/* End PBXFileReference section */

/* Begin PBXFrameworksBuildPhase section */
		7746C3AE23DE581C00DDC27C /* Frameworks */ = {
			isa = PBXFrameworksBuildPhase;
			buildActionMask = 2147483647;
			files = (
				FFEC7F6A55F16F5916A05893 /* Pods_Login.framework in Frameworks */,
			);
			runOnlyForDeploymentPostprocessing = 0;
		};
		7746C3C423DE581E00DDC27C /* Frameworks */ = {
			isa = PBXFrameworksBuildPhase;
			buildActionMask = 2147483647;
			files = (
				8915D5995379065F1C653BEB /* Pods_LoginTests.framework in Frameworks */,
			);
			runOnlyForDeploymentPostprocessing = 0;
		};
		7746C3CF23DE581E00DDC27C /* Frameworks */ = {
			isa = PBXFrameworksBuildPhase;
			buildActionMask = 2147483647;
			files = (
				840396B84711DBF0D8C708E9 /* Pods_Login_LoginUITests.framework in Frameworks */,
			);
			runOnlyForDeploymentPostprocessing = 0;
		};
/* End PBXFrameworksBuildPhase section */

/* Begin PBXGroup section */
		4383BAD7677B1109D60843AA /* Frameworks */ = {
			isa = PBXGroup;
			children = (
				329A5137A7D43F29383203FB /* Pods_Login.framework */,
				728D207DB3856DDE2413FBA7 /* Pods_Login_LoginUITests.framework */,
				59ECB37AE43FC4BFA2F06DC0 /* Pods_LoginTests.framework */,
			);
			name = Frameworks;
			sourceTree = "<group>";
		};
		7746C3A823DE581C00DDC27C = {
			isa = PBXGroup;
			children = (
				7746C3B323DE581C00DDC27C /* Login */,
				7746C3CA23DE581E00DDC27C /* LoginTests */,
				7746C3D523DE581E00DDC27C /* LoginUITests */,
				7746C3B223DE581C00DDC27C /* Products */,
				A8B72136C347A71617C4AB60 /* Pods */,
				4383BAD7677B1109D60843AA /* Frameworks */,
			);
			sourceTree = "<group>";
		};
		7746C3B223DE581C00DDC27C /* Products */ = {
			isa = PBXGroup;
			children = (
				7746C3B123DE581C00DDC27C /* Login.app */,
				7746C3C723DE581E00DDC27C /* LoginTests.xctest */,
				7746C3D223DE581E00DDC27C /* LoginUITests.xctest */,
			);
			name = Products;
			sourceTree = "<group>";
		};
		7746C3B323DE581C00DDC27C /* Login */ = {
			isa = PBXGroup;
			children = (
				77E74DCB23E240BF00C6E65C /* Helpers */,
				77E74DC423E2217100C6E65C /* ViewControllers */,
				7746C3B423DE581C00DDC27C /* AppDelegate.swift */,
				7746C3B623DE581C00DDC27C /* SceneDelegate.swift */,
				7746C3BA23DE581C00DDC27C /* Main.storyboard */,
				7746C3BD23DE581D00DDC27C /* Assets.xcassets */,
				77E804CD23EB6AE300432DCD /* Experience.rcproject */,
				7746C3BF23DE581D00DDC27C /* LaunchScreen.storyboard */,
				7791645923DECE6600BDDDCC /* GoogleService-Info.plist */,
				7746C3C223DE581D00DDC27C /* Info.plist */,
			);
			path = Login;
			sourceTree = "<group>";
		};
		7746C3CA23DE581E00DDC27C /* LoginTests */ = {
			isa = PBXGroup;
			children = (
				7746C3CB23DE581E00DDC27C /* LoginTests.swift */,
				7746C3CD23DE581E00DDC27C /* Info.plist */,
			);
			path = LoginTests;
			sourceTree = "<group>";
		};
		7746C3D523DE581E00DDC27C /* LoginUITests */ = {
			isa = PBXGroup;
			children = (
				7746C3D623DE581E00DDC27C /* LoginUITests.swift */,
				7746C3D823DE581E00DDC27C /* Info.plist */,
			);
			path = LoginUITests;
			sourceTree = "<group>";
		};
		77E74DC423E2217100C6E65C /* ViewControllers */ = {
			isa = PBXGroup;
			children = (
				7746C3B823DE581C00DDC27C /* ViewController.swift */,
				77E74DC523E222C100C6E65C /* SignUpViewController.swift */,
				77E74DC723E222CF00C6E65C /* LoginViewController.swift */,
				77E74DC923E222E700C6E65C /* HomeViewController.swift */,
			);
			path = ViewControllers;
			sourceTree = "<group>";
		};
		77E74DCB23E240BF00C6E65C /* Helpers */ = {
			isa = PBXGroup;
			children = (
				77E74DCC23E240F000C6E65C /* Constants.swift */,
			);
			path = Helpers;
			sourceTree = "<group>";
		};
		A8B72136C347A71617C4AB60 /* Pods */ = {
			isa = PBXGroup;
			children = (
				1BF7307A4120D91EA46D1864 /* Pods-Login.debug.xcconfig */,
				7C1A970FF1753B5DF0286F26 /* Pods-Login.release.xcconfig */,
				3CD6D16C1BFA3478256D3990 /* Pods-Login-LoginUITests.debug.xcconfig */,
				B85FA82401D5724932CA74A7 /* Pods-Login-LoginUITests.release.xcconfig */,
				D12B60A23CE2829BFF713547 /* Pods-LoginTests.debug.xcconfig */,
				D7AB918D93536D5B88048109 /* Pods-LoginTests.release.xcconfig */,
			);
			path = Pods;
			sourceTree = "<group>";
		};
/* End PBXGroup section */

/* Begin PBXNativeTarget section */
		7746C3B023DE581C00DDC27C /* Login */ = {
			isa = PBXNativeTarget;
			buildConfigurationList = 7746C3DB23DE581E00DDC27C /* Build configuration list for PBXNativeTarget "Login" */;
			buildPhases = (
				95D89E4C4E4EA6E835E69B9A /* [CP] Check Pods Manifest.lock */,
				7746C3AD23DE581C00DDC27C /* Sources */,
				7746C3AE23DE581C00DDC27C /* Frameworks */,
				7746C3AF23DE581C00DDC27C /* Resources */,
				875245CF440FE6EE2D270780 /* [CP] Embed Pods Frameworks */,
				74BF50A38E29EBB1327B6EC3 /* [CP] Copy Pods Resources */,
			);
			buildRules = (
			);
			dependencies = (
			);
			name = Login;
			productName = Login;
			productReference = 7746C3B123DE581C00DDC27C /* Login.app */;
			productType = "com.apple.product-type.application";
		};
		7746C3C623DE581E00DDC27C /* LoginTests */ = {
			isa = PBXNativeTarget;
			buildConfigurationList = 7746C3DE23DE581E00DDC27C /* Build configuration list for PBXNativeTarget "LoginTests" */;
			buildPhases = (
				5C0CC6924DA95BC6A6A823F8 /* [CP] Check Pods Manifest.lock */,
				7746C3C323DE581E00DDC27C /* Sources */,
				7746C3C423DE581E00DDC27C /* Frameworks */,
				7746C3C523DE581E00DDC27C /* Resources */,
			);
			buildRules = (
			);
			dependencies = (
				7746C3C923DE581E00DDC27C /* PBXTargetDependency */,
			);
			name = LoginTests;
			productName = LoginTests;
			productReference = 7746C3C723DE581E00DDC27C /* LoginTests.xctest */;
			productType = "com.apple.product-type.bundle.unit-test";
		};
		7746C3D123DE581E00DDC27C /* LoginUITests */ = {
			isa = PBXNativeTarget;
			buildConfigurationList = 7746C3E123DE581E00DDC27C /* Build configuration list for PBXNativeTarget "LoginUITests" */;
			buildPhases = (
				58B40A13B9F5C4BB77DF7F18 /* [CP] Check Pods Manifest.lock */,
				7746C3CE23DE581E00DDC27C /* Sources */,
				7746C3CF23DE581E00DDC27C /* Frameworks */,
				7746C3D023DE581E00DDC27C /* Resources */,
				E98874E19BB4C42210EBE77B /* [CP] Embed Pods Frameworks */,
				FBAA11740F833E67E7D85E85 /* [CP] Copy Pods Resources */,
			);
			buildRules = (
			);
			dependencies = (
				7746C3D423DE581E00DDC27C /* PBXTargetDependency */,
			);
			name = LoginUITests;
			productName = LoginUITests;
			productReference = 7746C3D223DE581E00DDC27C /* LoginUITests.xctest */;
			productType = "com.apple.product-type.bundle.ui-testing";
		};
/* End PBXNativeTarget section */

/* Begin PBXProject section */
		7746C3A923DE581C00DDC27C /* Project object */ = {
			isa = PBXProject;
			attributes = {
				LastSwiftUpdateCheck = 1130;
				LastUpgradeCheck = 1130;
				ORGANIZATIONNAME = "Team Rocket";
				TargetAttributes = {
					7746C3B023DE581C00DDC27C = {
						CreatedOnToolsVersion = 11.3.1;
					};
					7746C3C623DE581E00DDC27C = {
						CreatedOnToolsVersion = 11.3.1;
						TestTargetID = 7746C3B023DE581C00DDC27C;
					};
					7746C3D123DE581E00DDC27C = {
						CreatedOnToolsVersion = 11.3.1;
						TestTargetID = 7746C3B023DE581C00DDC27C;
					};
				};
			};
			buildConfigurationList = 7746C3AC23DE581C00DDC27C /* Build configuration list for PBXProject "Login" */;
			compatibilityVersion = "Xcode 9.3";
			developmentRegion = en;
			hasScannedForEncodings = 0;
			knownRegions = (
				en,
				Base,
			);
			mainGroup = 7746C3A823DE581C00DDC27C;
			productRefGroup = 7746C3B223DE581C00DDC27C /* Products */;
			projectDirPath = "";
			projectRoot = "";
			targets = (
				7746C3B023DE581C00DDC27C /* Login */,
				7746C3C623DE581E00DDC27C /* LoginTests */,
				7746C3D123DE581E00DDC27C /* LoginUITests */,
			);
		};
/* End PBXProject section */

/* Begin PBXResourcesBuildPhase section */
		7746C3AF23DE581C00DDC27C /* Resources */ = {
			isa = PBXResourcesBuildPhase;
			buildActionMask = 2147483647;
			files = (
				7746C3C123DE581D00DDC27C /* LaunchScreen.storyboard in Resources */,
				7791645A23DECE6600BDDDCC /* GoogleService-Info.plist in Resources */,
				7746C3BE23DE581D00DDC27C /* Assets.xcassets in Resources */,
				7746C3BC23DE581C00DDC27C /* Main.storyboard in Resources */,
			);
			runOnlyForDeploymentPostprocessing = 0;
		};
		7746C3C523DE581E00DDC27C /* Resources */ = {
			isa = PBXResourcesBuildPhase;
			buildActionMask = 2147483647;
			files = (
			);
			runOnlyForDeploymentPostprocessing = 0;
		};
		7746C3D023DE581E00DDC27C /* Resources */ = {
			isa = PBXResourcesBuildPhase;
			buildActionMask = 2147483647;
			files = (
			);
			runOnlyForDeploymentPostprocessing = 0;
		};
/* End PBXResourcesBuildPhase section */

/* Begin PBXShellScriptBuildPhase section */
		58B40A13B9F5C4BB77DF7F18 /* [CP] Check Pods Manifest.lock */ = {
			isa = PBXShellScriptBuildPhase;
			buildActionMask = 2147483647;
			files = (
			);
			inputFileListPaths = (
			);
			inputPaths = (
				"${PODS_PODFILE_DIR_PATH}/Podfile.lock",
				"${PODS_ROOT}/Manifest.lock",
			);
			name = "[CP] Check Pods Manifest.lock";
			outputFileListPaths = (
			);
			outputPaths = (
				"$(DERIVED_FILE_DIR)/Pods-Login-LoginUITests-checkManifestLockResult.txt",
			);
			runOnlyForDeploymentPostprocessing = 0;
			shellPath = /bin/sh;
			shellScript = "diff \"${PODS_PODFILE_DIR_PATH}/Podfile.lock\" \"${PODS_ROOT}/Manifest.lock\" > /dev/null\nif [ $? != 0 ] ; then\n    # print error to STDERR\n    echo \"error: The sandbox is not in sync with the Podfile.lock. Run 'pod install' or update your CocoaPods installation.\" >&2\n    exit 1\nfi\n# This output is used by Xcode 'outputs' to avoid re-running this script phase.\necho \"SUCCESS\" > \"${SCRIPT_OUTPUT_FILE_0}\"\n";
			showEnvVarsInLog = 0;
		};
		5C0CC6924DA95BC6A6A823F8 /* [CP] Check Pods Manifest.lock */ = {
			isa = PBXShellScriptBuildPhase;
			buildActionMask = 2147483647;
			files = (
			);
			inputFileListPaths = (
			);
			inputPaths = (
				"${PODS_PODFILE_DIR_PATH}/Podfile.lock",
				"${PODS_ROOT}/Manifest.lock",
			);
			name = "[CP] Check Pods Manifest.lock";
			outputFileListPaths = (
			);
			outputPaths = (
				"$(DERIVED_FILE_DIR)/Pods-LoginTests-checkManifestLockResult.txt",
			);
			runOnlyForDeploymentPostprocessing = 0;
			shellPath = /bin/sh;
			shellScript = "diff \"${PODS_PODFILE_DIR_PATH}/Podfile.lock\" \"${PODS_ROOT}/Manifest.lock\" > /dev/null\nif [ $? != 0 ] ; then\n    # print error to STDERR\n    echo \"error: The sandbox is not in sync with the Podfile.lock. Run 'pod install' or update your CocoaPods installation.\" >&2\n    exit 1\nfi\n# This output is used by Xcode 'outputs' to avoid re-running this script phase.\necho \"SUCCESS\" > \"${SCRIPT_OUTPUT_FILE_0}\"\n";
			showEnvVarsInLog = 0;
		};
		74BF50A38E29EBB1327B6EC3 /* [CP] Copy Pods Resources */ = {
			isa = PBXShellScriptBuildPhase;
			buildActionMask = 2147483647;
			files = (
			);
			inputFileListPaths = (
				"${PODS_ROOT}/Target Support Files/Pods-Login/Pods-Login-resources-${CONFIGURATION}-input-files.xcfilelist",
			);
			name = "[CP] Copy Pods Resources";
			outputFileListPaths = (
				"${PODS_ROOT}/Target Support Files/Pods-Login/Pods-Login-resources-${CONFIGURATION}-output-files.xcfilelist",
			);
			runOnlyForDeploymentPostprocessing = 0;
			shellPath = /bin/sh;
			shellScript = "\"${PODS_ROOT}/Target Support Files/Pods-Login/Pods-Login-resources.sh\"\n";
			showEnvVarsInLog = 0;
		};
		875245CF440FE6EE2D270780 /* [CP] Embed Pods Frameworks */ = {
			isa = PBXShellScriptBuildPhase;
			buildActionMask = 2147483647;
			files = (
			);
			inputFileListPaths = (
				"${PODS_ROOT}/Target Support Files/Pods-Login/Pods-Login-frameworks-${CONFIGURATION}-input-files.xcfilelist",
			);
			name = "[CP] Embed Pods Frameworks";
			outputFileListPaths = (
				"${PODS_ROOT}/Target Support Files/Pods-Login/Pods-Login-frameworks-${CONFIGURATION}-output-files.xcfilelist",
			);
			runOnlyForDeploymentPostprocessing = 0;
			shellPath = /bin/sh;
			shellScript = "\"${PODS_ROOT}/Target Support Files/Pods-Login/Pods-Login-frameworks.sh\"\n";
			showEnvVarsInLog = 0;
		};
		95D89E4C4E4EA6E835E69B9A /* [CP] Check Pods Manifest.lock */ = {
			isa = PBXShellScriptBuildPhase;
			buildActionMask = 2147483647;
			files = (
			);
			inputFileListPaths = (
			);
			inputPaths = (
				"${PODS_PODFILE_DIR_PATH}/Podfile.lock",
				"${PODS_ROOT}/Manifest.lock",
			);
			name = "[CP] Check Pods Manifest.lock";
			outputFileListPaths = (
			);
			outputPaths = (
				"$(DERIVED_FILE_DIR)/Pods-Login-checkManifestLockResult.txt",
			);
			runOnlyForDeploymentPostprocessing = 0;
			shellPath = /bin/sh;
			shellScript = "diff \"${PODS_PODFILE_DIR_PATH}/Podfile.lock\" \"${PODS_ROOT}/Manifest.lock\" > /dev/null\nif [ $? != 0 ] ; then\n    # print error to STDERR\n    echo \"error: The sandbox is not in sync with the Podfile.lock. Run 'pod install' or update your CocoaPods installation.\" >&2\n    exit 1\nfi\n# This output is used by Xcode 'outputs' to avoid re-running this script phase.\necho \"SUCCESS\" > \"${SCRIPT_OUTPUT_FILE_0}\"\n";
			showEnvVarsInLog = 0;
		};
		E98874E19BB4C42210EBE77B /* [CP] Embed Pods Frameworks */ = {
			isa = PBXShellScriptBuildPhase;
			buildActionMask = 2147483647;
			files = (
			);
			inputFileListPaths = (
				"${PODS_ROOT}/Target Support Files/Pods-Login-LoginUITests/Pods-Login-LoginUITests-frameworks-${CONFIGURATION}-input-files.xcfilelist",
			);
			name = "[CP] Embed Pods Frameworks";
			outputFileListPaths = (
				"${PODS_ROOT}/Target Support Files/Pods-Login-LoginUITests/Pods-Login-LoginUITests-frameworks-${CONFIGURATION}-output-files.xcfilelist",
			);
			runOnlyForDeploymentPostprocessing = 0;
			shellPath = /bin/sh;
			shellScript = "\"${PODS_ROOT}/Target Support Files/Pods-Login-LoginUITests/Pods-Login-LoginUITests-frameworks.sh\"\n";
			showEnvVarsInLog = 0;
		};
		FBAA11740F833E67E7D85E85 /* [CP] Copy Pods Resources */ = {
			isa = PBXShellScriptBuildPhase;
			buildActionMask = 2147483647;
			files = (
			);
			inputFileListPaths = (
				"${PODS_ROOT}/Target Support Files/Pods-Login-LoginUITests/Pods-Login-LoginUITests-resources-${CONFIGURATION}-input-files.xcfilelist",
			);
			name = "[CP] Copy Pods Resources";
			outputFileListPaths = (
				"${PODS_ROOT}/Target Support Files/Pods-Login-LoginUITests/Pods-Login-LoginUITests-resources-${CONFIGURATION}-output-files.xcfilelist",
			);
			runOnlyForDeploymentPostprocessing = 0;
			shellPath = /bin/sh;
			shellScript = "\"${PODS_ROOT}/Target Support Files/Pods-Login-LoginUITests/Pods-Login-LoginUITests-resources.sh\"\n";
			showEnvVarsInLog = 0;
		};
/* End PBXShellScriptBuildPhase section */

/* Begin PBXSourcesBuildPhase section */
		7746C3AD23DE581C00DDC27C /* Sources */ = {
			isa = PBXSourcesBuildPhase;
			buildActionMask = 2147483647;
			files = (
				7746C3B923DE581C00DDC27C /* ViewController.swift in Sources */,
				7746C3B523DE581C00DDC27C /* AppDelegate.swift in Sources */,
				77E74DC623E222C100C6E65C /* SignUpViewController.swift in Sources */,
				77E74DC823E222CF00C6E65C /* LoginViewController.swift in Sources */,
				77E74DCD23E240F000C6E65C /* Constants.swift in Sources */,
				7746C3B723DE581C00DDC27C /* SceneDelegate.swift in Sources */,
				77E804CE23EB6AE300432DCD /* Experience.rcproject in Sources */,
				77E74DCA23E222E700C6E65C /* HomeViewController.swift in Sources */,
			);
			runOnlyForDeploymentPostprocessing = 0;
		};
		7746C3C323DE581E00DDC27C /* Sources */ = {
			isa = PBXSourcesBuildPhase;
			buildActionMask = 2147483647;
			files = (
				7746C3CC23DE581E00DDC27C /* LoginTests.swift in Sources */,
			);
			runOnlyForDeploymentPostprocessing = 0;
		};
		7746C3CE23DE581E00DDC27C /* Sources */ = {
			isa = PBXSourcesBuildPhase;
			buildActionMask = 2147483647;
			files = (
				7746C3D723DE581E00DDC27C /* LoginUITests.swift in Sources */,
			);
			runOnlyForDeploymentPostprocessing = 0;
		};
/* End PBXSourcesBuildPhase section */

/* Begin PBXTargetDependency section */
		7746C3C923DE581E00DDC27C /* PBXTargetDependency */ = {
			isa = PBXTargetDependency;
			target = 7746C3B023DE581C00DDC27C /* Login */;
			targetProxy = 7746C3C823DE581E00DDC27C /* PBXContainerItemProxy */;
		};
		7746C3D423DE581E00DDC27C /* PBXTargetDependency */ = {
			isa = PBXTargetDependency;
			target = 7746C3B023DE581C00DDC27C /* Login */;
			targetProxy = 7746C3D323DE581E00DDC27C /* PBXContainerItemProxy */;
		};
/* End PBXTargetDependency section */

/* Begin PBXVariantGroup section */
		7746C3BA23DE581C00DDC27C /* Main.storyboard */ = {
			isa = PBXVariantGroup;
			children = (
				7746C3BB23DE581C00DDC27C /* Base */,
			);
			name = Main.storyboard;
			sourceTree = "<group>";
		};
		7746C3BF23DE581D00DDC27C /* LaunchScreen.storyboard */ = {
			isa = PBXVariantGroup;
			children = (
				7746C3C023DE581D00DDC27C /* Base */,
			);
			name = LaunchScreen.storyboard;
			sourceTree = "<group>";
		};
/* End PBXVariantGroup section */

/* Begin XCBuildConfiguration section */
		7746C3D923DE581E00DDC27C /* Debug */ = {
			isa = XCBuildConfiguration;
			buildSettings = {
				ALWAYS_SEARCH_USER_PATHS = NO;
				CLANG_ANALYZER_NONNULL = YES;
				CLANG_ANALYZER_NUMBER_OBJECT_CONVERSION = YES_AGGRESSIVE;
				CLANG_CXX_LANGUAGE_STANDARD = "gnu++14";
				CLANG_CXX_LIBRARY = "libc++";
				CLANG_ENABLE_MODULES = YES;
				CLANG_ENABLE_OBJC_ARC = YES;
				CLANG_ENABLE_OBJC_WEAK = YES;
				CLANG_WARN_BLOCK_CAPTURE_AUTORELEASING = YES;
				CLANG_WARN_BOOL_CONVERSION = YES;
				CLANG_WARN_COMMA = YES;
				CLANG_WARN_CONSTANT_CONVERSION = YES;
				CLANG_WARN_DEPRECATED_OBJC_IMPLEMENTATIONS = YES;
				CLANG_WARN_DIRECT_OBJC_ISA_USAGE = YES_ERROR;
				CLANG_WARN_DOCUMENTATION_COMMENTS = YES;
				CLANG_WARN_EMPTY_BODY = YES;
				CLANG_WARN_ENUM_CONVERSION = YES;
				CLANG_WARN_INFINITE_RECURSION = YES;
				CLANG_WARN_INT_CONVERSION = YES;
				CLANG_WARN_NON_LITERAL_NULL_CONVERSION = YES;
				CLANG_WARN_OBJC_IMPLICIT_RETAIN_SELF = YES;
				CLANG_WARN_OBJC_LITERAL_CONVERSION = YES;
				CLANG_WARN_OBJC_ROOT_CLASS = YES_ERROR;
				CLANG_WARN_RANGE_LOOP_ANALYSIS = YES;
				CLANG_WARN_STRICT_PROTOTYPES = YES;
				CLANG_WARN_SUSPICIOUS_MOVE = YES;
				CLANG_WARN_UNGUARDED_AVAILABILITY = YES_AGGRESSIVE;
				CLANG_WARN_UNREACHABLE_CODE = YES;
				CLANG_WARN__DUPLICATE_METHOD_MATCH = YES;
				COPY_PHASE_STRIP = NO;
				DEBUG_INFORMATION_FORMAT = dwarf;
				ENABLE_STRICT_OBJC_MSGSEND = YES;
				ENABLE_TESTABILITY = YES;
				GCC_C_LANGUAGE_STANDARD = gnu11;
				GCC_DYNAMIC_NO_PIC = NO;
				GCC_NO_COMMON_BLOCKS = YES;
				GCC_OPTIMIZATION_LEVEL = 0;
				GCC_PREPROCESSOR_DEFINITIONS = (
					"DEBUG=1",
					"$(inherited)",
				);
				GCC_WARN_64_TO_32_BIT_CONVERSION = YES;
				GCC_WARN_ABOUT_RETURN_TYPE = YES_ERROR;
				GCC_WARN_UNDECLARED_SELECTOR = YES;
				GCC_WARN_UNINITIALIZED_AUTOS = YES_AGGRESSIVE;
				GCC_WARN_UNUSED_FUNCTION = YES;
				GCC_WARN_UNUSED_VARIABLE = YES;
				IPHONEOS_DEPLOYMENT_TARGET = 13.2;
				MTL_ENABLE_DEBUG_INFO = INCLUDE_SOURCE;
				MTL_FAST_MATH = YES;
				ONLY_ACTIVE_ARCH = YES;
				SDKROOT = iphoneos;
				SWIFT_ACTIVE_COMPILATION_CONDITIONS = DEBUG;
				SWIFT_OPTIMIZATION_LEVEL = "-Onone";
			};
			name = Debug;
		};
		7746C3DA23DE581E00DDC27C /* Release */ = {
			isa = XCBuildConfiguration;
			buildSettings = {
				ALWAYS_SEARCH_USER_PATHS = NO;
				CLANG_ANALYZER_NONNULL = YES;
				CLANG_ANALYZER_NUMBER_OBJECT_CONVERSION = YES_AGGRESSIVE;
				CLANG_CXX_LANGUAGE_STANDARD = "gnu++14";
				CLANG_CXX_LIBRARY = "libc++";
				CLANG_ENABLE_MODULES = YES;
				CLANG_ENABLE_OBJC_ARC = YES;
				CLANG_ENABLE_OBJC_WEAK = YES;
				CLANG_WARN_BLOCK_CAPTURE_AUTORELEASING = YES;
				CLANG_WARN_BOOL_CONVERSION = YES;
				CLANG_WARN_COMMA = YES;
				CLANG_WARN_CONSTANT_CONVERSION = YES;
				CLANG_WARN_DEPRECATED_OBJC_IMPLEMENTATIONS = YES;
				CLANG_WARN_DIRECT_OBJC_ISA_USAGE = YES_ERROR;
				CLANG_WARN_DOCUMENTATION_COMMENTS = YES;
				CLANG_WARN_EMPTY_BODY = YES;
				CLANG_WARN_ENUM_CONVERSION = YES;
				CLANG_WARN_INFINITE_RECURSION = YES;
				CLANG_WARN_INT_CONVERSION = YES;
				CLANG_WARN_NON_LITERAL_NULL_CONVERSION = YES;
				CLANG_WARN_OBJC_IMPLICIT_RETAIN_SELF = YES;
				CLANG_WARN_OBJC_LITERAL_CONVERSION = YES;
				CLANG_WARN_OBJC_ROOT_CLASS = YES_ERROR;
				CLANG_WARN_RANGE_LOOP_ANALYSIS = YES;
				CLANG_WARN_STRICT_PROTOTYPES = YES;
				CLANG_WARN_SUSPICIOUS_MOVE = YES;
				CLANG_WARN_UNGUARDED_AVAILABILITY = YES_AGGRESSIVE;
				CLANG_WARN_UNREACHABLE_CODE = YES;
				CLANG_WARN__DUPLICATE_METHOD_MATCH = YES;
				COPY_PHASE_STRIP = NO;
				DEBUG_INFORMATION_FORMAT = "dwarf-with-dsym";
				ENABLE_NS_ASSERTIONS = NO;
				ENABLE_STRICT_OBJC_MSGSEND = YES;
				GCC_C_LANGUAGE_STANDARD = gnu11;
				GCC_NO_COMMON_BLOCKS = YES;
				GCC_WARN_64_TO_32_BIT_CONVERSION = YES;
				GCC_WARN_ABOUT_RETURN_TYPE = YES_ERROR;
				GCC_WARN_UNDECLARED_SELECTOR = YES;
				GCC_WARN_UNINITIALIZED_AUTOS = YES_AGGRESSIVE;
				GCC_WARN_UNUSED_FUNCTION = YES;
				GCC_WARN_UNUSED_VARIABLE = YES;
				IPHONEOS_DEPLOYMENT_TARGET = 13.2;
				MTL_ENABLE_DEBUG_INFO = NO;
				MTL_FAST_MATH = YES;
				SDKROOT = iphoneos;
				SWIFT_COMPILATION_MODE = wholemodule;
				SWIFT_OPTIMIZATION_LEVEL = "-O";
				VALIDATE_PRODUCT = YES;
			};
			name = Release;
		};
		7746C3DC23DE581E00DDC27C /* Debug */ = {
			isa = XCBuildConfiguration;
			baseConfigurationReference = 1BF7307A4120D91EA46D1864 /* Pods-Login.debug.xcconfig */;
			buildSettings = {
				ASSETCATALOG_COMPILER_APPICON_NAME = AppIcon;
				CODE_SIGN_STYLE = Automatic;
				DEVELOPMENT_TEAM = 3YL686T7XX;
				INFOPLIST_FILE = Login/Info.plist;
				LD_RUNPATH_SEARCH_PATHS = (
					"$(inherited)",
					"@executable_path/Frameworks",
				);
				PRODUCT_BUNDLE_IDENTIFIER = com.Login111111111;
				PRODUCT_NAME = "$(TARGET_NAME)";
				SWIFT_VERSION = 5.0;
				TARGETED_DEVICE_FAMILY = "1,2";
			};
			name = Debug;
		};
		7746C3DD23DE581E00DDC27C /* Release */ = {
			isa = XCBuildConfiguration;
			baseConfigurationReference = 7C1A970FF1753B5DF0286F26 /* Pods-Login.release.xcconfig */;
			buildSettings = {
				ASSETCATALOG_COMPILER_APPICON_NAME = AppIcon;
				CODE_SIGN_STYLE = Automatic;
				DEVELOPMENT_TEAM = 3YL686T7XX;
				INFOPLIST_FILE = Login/Info.plist;
				LD_RUNPATH_SEARCH_PATHS = (
					"$(inherited)",
					"@executable_path/Frameworks",
				);
				PRODUCT_BUNDLE_IDENTIFIER = com.Login111111111;
				PRODUCT_NAME = "$(TARGET_NAME)";
				SWIFT_VERSION = 5.0;
				TARGETED_DEVICE_FAMILY = "1,2";
			};
			name = Release;
		};
		7746C3DF23DE581E00DDC27C /* Debug */ = {
			isa = XCBuildConfiguration;
			baseConfigurationReference = D12B60A23CE2829BFF713547 /* Pods-LoginTests.debug.xcconfig */;
			buildSettings = {
				ALWAYS_EMBED_SWIFT_STANDARD_LIBRARIES = YES;
				BUNDLE_LOADER = "$(TEST_HOST)";
				CODE_SIGN_STYLE = Automatic;
				INFOPLIST_FILE = LoginTests/Info.plist;
				IPHONEOS_DEPLOYMENT_TARGET = 13.2;
				LD_RUNPATH_SEARCH_PATHS = (
					"$(inherited)",
					"@executable_path/Frameworks",
					"@loader_path/Frameworks",
				);
				PRODUCT_BUNDLE_IDENTIFIER = com.LoginTests;
				PRODUCT_NAME = "$(TARGET_NAME)";
				SWIFT_VERSION = 5.0;
				TARGETED_DEVICE_FAMILY = "1,2";
				TEST_HOST = "$(BUILT_PRODUCTS_DIR)/Login.app/Login";
			};
			name = Debug;
		};
		7746C3E023DE581E00DDC27C /* Release */ = {
			isa = XCBuildConfiguration;
			baseConfigurationReference = D7AB918D93536D5B88048109 /* Pods-LoginTests.release.xcconfig */;
			buildSettings = {
				ALWAYS_EMBED_SWIFT_STANDARD_LIBRARIES = YES;
				BUNDLE_LOADER = "$(TEST_HOST)";
				CODE_SIGN_STYLE = Automatic;
				INFOPLIST_FILE = LoginTests/Info.plist;
				IPHONEOS_DEPLOYMENT_TARGET = 13.2;
				LD_RUNPATH_SEARCH_PATHS = (
					"$(inherited)",
					"@executable_path/Frameworks",
					"@loader_path/Frameworks",
				);
				PRODUCT_BUNDLE_IDENTIFIER = com.LoginTests;
				PRODUCT_NAME = "$(TARGET_NAME)";
				SWIFT_VERSION = 5.0;
				TARGETED_DEVICE_FAMILY = "1,2";
				TEST_HOST = "$(BUILT_PRODUCTS_DIR)/Login.app/Login";
			};
			name = Release;
		};
		7746C3E223DE581E00DDC27C /* Debug */ = {
			isa = XCBuildConfiguration;
			baseConfigurationReference = 3CD6D16C1BFA3478256D3990 /* Pods-Login-LoginUITests.debug.xcconfig */;
			buildSettings = {
				ALWAYS_EMBED_SWIFT_STANDARD_LIBRARIES = YES;
				CODE_SIGN_STYLE = Automatic;
				INFOPLIST_FILE = LoginUITests/Info.plist;
				LD_RUNPATH_SEARCH_PATHS = (
					"$(inherited)",
					"@executable_path/Frameworks",
					"@loader_path/Frameworks",
				);
				PRODUCT_BUNDLE_IDENTIFIER = com.LoginUITests;
				PRODUCT_NAME = "$(TARGET_NAME)";
				SWIFT_VERSION = 5.0;
				TARGETED_DEVICE_FAMILY = "1,2";
				TEST_TARGET_NAME = Login;
			};
			name = Debug;
		};
		7746C3E323DE581E00DDC27C /* Release */ = {
			isa = XCBuildConfiguration;
			baseConfigurationReference = B85FA82401D5724932CA74A7 /* Pods-Login-LoginUITests.release.xcconfig */;
			buildSettings = {
				ALWAYS_EMBED_SWIFT_STANDARD_LIBRARIES = YES;
				CODE_SIGN_STYLE = Automatic;
				INFOPLIST_FILE = LoginUITests/Info.plist;
				LD_RUNPATH_SEARCH_PATHS = (
					"$(inherited)",
					"@executable_path/Frameworks",
					"@loader_path/Frameworks",
				);
				PRODUCT_BUNDLE_IDENTIFIER = com.LoginUITests;
				PRODUCT_NAME = "$(TARGET_NAME)";
				SWIFT_VERSION = 5.0;
				TARGETED_DEVICE_FAMILY = "1,2";
				TEST_TARGET_NAME = Login;
			};
			name = Release;
		};
/* End XCBuildConfiguration section */

/* Begin XCConfigurationList section */
		7746C3AC23DE581C00DDC27C /* Build configuration list for PBXProject "Login" */ = {
			isa = XCConfigurationList;
			buildConfigurations = (
				7746C3D923DE581E00DDC27C /* Debug */,
				7746C3DA23DE581E00DDC27C /* Release */,
			);
			defaultConfigurationIsVisible = 0;
			defaultConfigurationName = Release;
		};
		7746C3DB23DE581E00DDC27C /* Build configuration list for PBXNativeTarget "Login" */ = {
			isa = XCConfigurationList;
			buildConfigurations = (
				7746C3DC23DE581E00DDC27C /* Debug */,
				7746C3DD23DE581E00DDC27C /* Release */,
			);
			defaultConfigurationIsVisible = 0;
			defaultConfigurationName = Release;
		};
		7746C3DE23DE581E00DDC27C /* Build configuration list for PBXNativeTarget "LoginTests" */ = {
			isa = XCConfigurationList;
			buildConfigurations = (
				7746C3DF23DE581E00DDC27C /* Debug */,
				7746C3E023DE581E00DDC27C /* Release */,
			);
			defaultConfigurationIsVisible = 0;
			defaultConfigurationName = Release;
		};
		7746C3E123DE581E00DDC27C /* Build configuration list for PBXNativeTarget "LoginUITests" */ = {
			isa = XCConfigurationList;
			buildConfigurations = (
				7746C3E223DE581E00DDC27C /* Debug */,
				7746C3E323DE581E00DDC27C /* Release */,
			);
			defaultConfigurationIsVisible = 0;
			defaultConfigurationName = Release;
		};
/* End XCConfigurationList section */
	};
	rootObject = 7746C3A923DE581C00DDC27C /* Project object */;
}
