// !$*UTF8*$!
{
	archiveVersion = 1;
	classes = {
	};
	objectVersion = 51;
	objects = {

/* Begin PBXBuildFile section */
		0F0E0E89244E95F900AC6004 /* EmojiViewController.swift in Sources */ = {isa = PBXBuildFile; fileRef = 0F0E0E88244E95F900AC6004 /* EmojiViewController.swift */; };
		0F0E0E8D244E993200AC6004 /* MenuCollectionViewCell.swift in Sources */ = {isa = PBXBuildFile; fileRef = 0F0E0E8C244E993200AC6004 /* MenuCollectionViewCell.swift */; };
		0F0E0E952450F61B00AC6004 /* ListHeaderView.swift in Sources */ = {isa = PBXBuildFile; fileRef = 0F0E0E942450F61B00AC6004 /* ListHeaderView.swift */; };
		0FA41247244A94CB00C5FA8E /* ModeButton.swift in Sources */ = {isa = PBXBuildFile; fileRef = 0FA41242244A94CB00C5FA8E /* ModeButton.swift */; };
		0FA41249244A94CC00C5FA8E /* Emoji.swift in Sources */ = {isa = PBXBuildFile; fileRef = 0FA41244244A94CB00C5FA8E /* Emoji.swift */; };
		0FA4124A244A94CC00C5FA8E /* emojis.scnassets in Resources */ = {isa = PBXBuildFile; fileRef = 0FA41245244A94CB00C5FA8E /* emojis.scnassets */; };
		7746C3B523DE581C00DDC27C /* AppDelegate.swift in Sources */ = {isa = PBXBuildFile; fileRef = 7746C3B423DE581C00DDC27C /* AppDelegate.swift */; };
		7746C3B723DE581C00DDC27C /* SceneDelegate.swift in Sources */ = {isa = PBXBuildFile; fileRef = 7746C3B623DE581C00DDC27C /* SceneDelegate.swift */; };
		7746C3B923DE581C00DDC27C /* ViewController.swift in Sources */ = {isa = PBXBuildFile; fileRef = 7746C3B823DE581C00DDC27C /* ViewController.swift */; };
		7746C3BC23DE581C00DDC27C /* Main.storyboard in Resources */ = {isa = PBXBuildFile; fileRef = 7746C3BA23DE581C00DDC27C /* Main.storyboard */; };
		7746C3BE23DE581D00DDC27C /* Assets.xcassets in Resources */ = {isa = PBXBuildFile; fileRef = 7746C3BD23DE581D00DDC27C /* Assets.xcassets */; };
		7746C3C123DE581D00DDC27C /* LaunchScreen.storyboard in Resources */ = {isa = PBXBuildFile; fileRef = 7746C3BF23DE581D00DDC27C /* LaunchScreen.storyboard */; };
		7746C3CC23DE581E00DDC27C /* LoginTests.swift in Sources */ = {isa = PBXBuildFile; fileRef = 7746C3CB23DE581E00DDC27C /* LoginTests.swift */; };
		7746C3D723DE581E00DDC27C /* LoginUITests.swift in Sources */ = {isa = PBXBuildFile; fileRef = 7746C3D623DE581E00DDC27C /* LoginUITests.swift */; };
		77811513245B95AB00985F42 /* QRNode.swift in Sources */ = {isa = PBXBuildFile; fileRef = 77811512245B95AB00985F42 /* QRNode.swift */; };
		7791645A23DECE6600BDDDCC /* GoogleService-Info-old.plist in Resources */ = {isa = PBXBuildFile; fileRef = 7791645923DECE6600BDDDCC /* GoogleService-Info-old.plist */; };
		77D57EF423EE23D400A665A3 /* AppAuth.framework in Frameworks */ = {isa = PBXBuildFile; fileRef = 770663F823EB860600E98F63 /* AppAuth.framework */; };
		77D57EFA23EE29D800A665A3 /* ResetPasswordViewController.swift in Sources */ = {isa = PBXBuildFile; fileRef = 77D57EF923EE29D800A665A3 /* ResetPasswordViewController.swift */; };
		77DD9B5324078DA6005AF15C /* PencilKitInterface.swift in Sources */ = {isa = PBXBuildFile; fileRef = 77DD9B5124078DA6005AF15C /* PencilKitInterface.swift */; };
		77DD9B5424078DA6005AF15C /* PKCanvas.swift in Sources */ = {isa = PBXBuildFile; fileRef = 77DD9B5224078DA6005AF15C /* PKCanvas.swift */; };
		77E74DC623E222C100C6E65C /* SignUpViewController.swift in Sources */ = {isa = PBXBuildFile; fileRef = 77E74DC523E222C100C6E65C /* SignUpViewController.swift */; };
		77E74DC823E222CF00C6E65C /* LoginViewController.swift in Sources */ = {isa = PBXBuildFile; fileRef = 77E74DC723E222CF00C6E65C /* LoginViewController.swift */; };
		77E74DCA23E222E700C6E65C /* HomeViewController.swift in Sources */ = {isa = PBXBuildFile; fileRef = 77E74DC923E222E700C6E65C /* HomeViewController.swift */; };
		77E74DCD23E240F000C6E65C /* Constants.swift in Sources */ = {isa = PBXBuildFile; fileRef = 77E74DCC23E240F000C6E65C /* Constants.swift */; };
		77E804CE23EB6AE300432DCD /* Experience.rcproject in Sources */ = {isa = PBXBuildFile; fileRef = 77E804CD23EB6AE300432DCD /* Experience.rcproject */; };
		8F6D4E6C031F450856012634 /* Pods_Virtual_Graffiti.framework in Frameworks */ = {isa = PBXBuildFile; fileRef = CC1DA7D233F32C423E671A34 /* Pods_Virtual_Graffiti.framework */; };
		9112A514735DB6531EA41E97 /* Pods_Virtual_Graffiti_Virtual_GraffitiUITests.framework in Frameworks */ = {isa = PBXBuildFile; fileRef = DBD766DFC17567705C4EF56F /* Pods_Virtual_Graffiti_Virtual_GraffitiUITests.framework */; };
		C0086EC22412B113001C4A22 /* Stroke.swift in Sources */ = {isa = PBXBuildFile; fileRef = C0086EC12412B113001C4A22 /* Stroke.swift */; };
		C0086EC42412B33E001C4A22 /* SecondTierRoot.swift in Sources */ = {isa = PBXBuildFile; fileRef = C0086EC32412B33E001C4A22 /* SecondTierRoot.swift */; };
		C0086EC62412B492001C4A22 /* Math.swift in Sources */ = {isa = PBXBuildFile; fileRef = C0086EC52412B492001C4A22 /* Math.swift */; };
		C01B55FA245E58ED004007BC /* DrawState.swift in Sources */ = {isa = PBXBuildFile; fileRef = C01B55F9245E58ED004007BC /* DrawState.swift */; };
		C07CB34E246F3421003D396E /* GoogleService-Info.plist in Resources */ = {isa = PBXBuildFile; fileRef = C07CB34D246F3421003D396E /* GoogleService-Info.plist */; };
		C09D24E6244824BB00FFA752 /* Stack.swift in Sources */ = {isa = PBXBuildFile; fileRef = C09D24E5244824BA00FFA752 /* Stack.swift */; };
		C4428F1649E6E995D5630731 /* Pods_Virtual_GraffitiTests.framework in Frameworks */ = {isa = PBXBuildFile; fileRef = 713D8F45B78325543AE00400 /* Pods_Virtual_GraffitiTests.framework */; };
		CE4CA7B0240E23B6005BEDC8 /* Database.swift in Sources */ = {isa = PBXBuildFile; fileRef = CE4CA7AF240E23B6005BEDC8 /* Database.swift */; };
		CE7C17E4243A4552005CE88A /* EditState.swift in Sources */ = {isa = PBXBuildFile; fileRef = CE7C17E3243A4552005CE88A /* EditState.swift */; };
		CE87C3A1245BD64C00524D4B /* AttributedType.swift in Sources */ = {isa = PBXBuildFile; fileRef = CE87C38B245BD64B00524D4B /* AttributedType.swift */; };
		CE87C3A2245BD64C00524D4B /* ScalingScheme.swift in Sources */ = {isa = PBXBuildFile; fileRef = CE87C38D245BD64B00524D4B /* ScalingScheme.swift */; };
		CE87C3A3245BD64C00524D4B /* LocationNode.swift in Sources */ = {isa = PBXBuildFile; fileRef = CE87C38E245BD64B00524D4B /* LocationNode.swift */; };
		CE87C3A4245BD64C00524D4B /* PolylineNode.swift in Sources */ = {isa = PBXBuildFile; fileRef = CE87C38F245BD64B00524D4B /* PolylineNode.swift */; };
		CE87C3A5245BD64C00524D4B /* LocationAnnotationNode.swift in Sources */ = {isa = PBXBuildFile; fileRef = CE87C390245BD64B00524D4B /* LocationAnnotationNode.swift */; };
		CE87C3A6245BD64C00524D4B /* SceneLocationView+ARSCNViewDelegate.swift in Sources */ = {isa = PBXBuildFile; fileRef = CE87C391245BD64B00524D4B /* SceneLocationView+ARSCNViewDelegate.swift */; };
		CE87C3A7245BD64C00524D4B /* SceneLocationEstimate.swift in Sources */ = {isa = PBXBuildFile; fileRef = CE87C393245BD64B00524D4B /* SceneLocationEstimate.swift */; };
		CE87C3A8245BD64C00524D4B /* SceneLocationEstimate+Extensions.swift in Sources */ = {isa = PBXBuildFile; fileRef = CE87C394245BD64B00524D4B /* SceneLocationEstimate+Extensions.swift */; };
		CE87C3A9245BD64C00524D4B /* SceneLocationManager.swift in Sources */ = {isa = PBXBuildFile; fileRef = CE87C395245BD64B00524D4B /* SceneLocationManager.swift */; };
		CE87C3AA245BD64C00524D4B /* LocationManager.swift in Sources */ = {isa = PBXBuildFile; fileRef = CE87C396245BD64B00524D4B /* LocationManager.swift */; };
		CE87C3AB245BD64C00524D4B /* SCNVector3+Extensions.swift in Sources */ = {isa = PBXBuildFile; fileRef = CE87C398245BD64B00524D4B /* SCNVector3+Extensions.swift */; };
		CE87C3AC245BD64C00524D4B /* FloatingPoint+Radians.swift in Sources */ = {isa = PBXBuildFile; fileRef = CE87C399245BD64B00524D4B /* FloatingPoint+Radians.swift */; };
		CE87C3AD245BD64C00524D4B /* BaseTypes+Extensions.swift in Sources */ = {isa = PBXBuildFile; fileRef = CE87C39A245BD64B00524D4B /* BaseTypes+Extensions.swift */; };
		CE87C3AE245BD64C00524D4B /* CGPoint+Extensions.swift in Sources */ = {isa = PBXBuildFile; fileRef = CE87C39B245BD64B00524D4B /* CGPoint+Extensions.swift */; };
		CE87C3AF245BD64C00524D4B /* CLLocation+Extensions.swift in Sources */ = {isa = PBXBuildFile; fileRef = CE87C39C245BD64B00524D4B /* CLLocation+Extensions.swift */; };
		CE87C3B0245BD64C00524D4B /* SCNNode+Extensions.swift in Sources */ = {isa = PBXBuildFile; fileRef = CE87C39D245BD64B00524D4B /* SCNNode+Extensions.swift */; };
		CE87C3B1245BD64C00524D4B /* ARKit_CoreLocation.swift in Sources */ = {isa = PBXBuildFile; fileRef = CE87C39E245BD64B00524D4B /* ARKit_CoreLocation.swift */; };
		CE87C3B2245BD64C00524D4B /* SceneLocationView.swift in Sources */ = {isa = PBXBuildFile; fileRef = CE87C39F245BD64B00524D4B /* SceneLocationView.swift */; };
		CE87C3B3245BD64C00524D4B /* SceneLocationViewEstimateDelegate.swift in Sources */ = {isa = PBXBuildFile; fileRef = CE87C3A0245BD64B00524D4B /* SceneLocationViewEstimateDelegate.swift */; };
		CECFCA4C246D01440003EA98 /* PermissionsViewController.swift in Sources */ = {isa = PBXBuildFile; fileRef = CECFCA4B246D01440003EA98 /* PermissionsViewController.swift */; };
/* End PBXBuildFile section */

/* Begin PBXContainerItemProxy section */
		7746C3C823DE581E00DDC27C /* PBXContainerItemProxy */ = {
			isa = PBXContainerItemProxy;
			containerPortal = 7746C3A923DE581C00DDC27C /* Project object */;
			proxyType = 1;
			remoteGlobalIDString = 7746C3B023DE581C00DDC27C;
			remoteInfo = Login;
		};
		7746C3D323DE581E00DDC27C /* PBXContainerItemProxy */ = {
			isa = PBXContainerItemProxy;
			containerPortal = 7746C3A923DE581C00DDC27C /* Project object */;
			proxyType = 1;
			remoteGlobalIDString = 7746C3B023DE581C00DDC27C;
			remoteInfo = Login;
		};
/* End PBXContainerItemProxy section */

/* Begin PBXFileReference section */
		06794F36345EA5697925031B /* Pods-Virtual Graffiti-Virtual GraffitiUITests.debug.xcconfig */ = {isa = PBXFileReference; includeInIndex = 1; lastKnownFileType = text.xcconfig; name = "Pods-Virtual Graffiti-Virtual GraffitiUITests.debug.xcconfig"; path = "Target Support Files/Pods-Virtual Graffiti-Virtual GraffitiUITests/Pods-Virtual Graffiti-Virtual GraffitiUITests.debug.xcconfig"; sourceTree = "<group>"; };
		0F0E0E88244E95F900AC6004 /* EmojiViewController.swift */ = {isa = PBXFileReference; lastKnownFileType = sourcecode.swift; path = EmojiViewController.swift; sourceTree = "<group>"; };
		0F0E0E8C244E993200AC6004 /* MenuCollectionViewCell.swift */ = {isa = PBXFileReference; fileEncoding = 4; lastKnownFileType = sourcecode.swift; path = MenuCollectionViewCell.swift; sourceTree = "<group>"; };
		0F0E0E942450F61B00AC6004 /* ListHeaderView.swift */ = {isa = PBXFileReference; lastKnownFileType = sourcecode.swift; path = ListHeaderView.swift; sourceTree = "<group>"; };
		0FA41242244A94CB00C5FA8E /* ModeButton.swift */ = {isa = PBXFileReference; fileEncoding = 4; lastKnownFileType = sourcecode.swift; path = ModeButton.swift; sourceTree = "<group>"; };
		0FA41244244A94CB00C5FA8E /* Emoji.swift */ = {isa = PBXFileReference; fileEncoding = 4; lastKnownFileType = sourcecode.swift; path = Emoji.swift; sourceTree = "<group>"; };
		0FA41245244A94CB00C5FA8E /* emojis.scnassets */ = {isa = PBXFileReference; lastKnownFileType = wrapper.scnassets; path = emojis.scnassets; sourceTree = "<group>"; };
		32B31EB7F8621EB7EEDF6543 /* Pods-Virtual GraffitiTests.debug.xcconfig */ = {isa = PBXFileReference; includeInIndex = 1; lastKnownFileType = text.xcconfig; name = "Pods-Virtual GraffitiTests.debug.xcconfig"; path = "Target Support Files/Pods-Virtual GraffitiTests/Pods-Virtual GraffitiTests.debug.xcconfig"; sourceTree = "<group>"; };
		3B3B6E6539ADE1219B2C6376 /* Pods-Virtual Graffiti-Virtual GraffitiUITests.release.xcconfig */ = {isa = PBXFileReference; includeInIndex = 1; lastKnownFileType = text.xcconfig; name = "Pods-Virtual Graffiti-Virtual GraffitiUITests.release.xcconfig"; path = "Target Support Files/Pods-Virtual Graffiti-Virtual GraffitiUITests/Pods-Virtual Graffiti-Virtual GraffitiUITests.release.xcconfig"; sourceTree = "<group>"; };
		49143AAF3F0F9F07745D4977 /* Pods-Virtual Graffiti.debug.xcconfig */ = {isa = PBXFileReference; includeInIndex = 1; lastKnownFileType = text.xcconfig; name = "Pods-Virtual Graffiti.debug.xcconfig"; path = "Target Support Files/Pods-Virtual Graffiti/Pods-Virtual Graffiti.debug.xcconfig"; sourceTree = "<group>"; };
		4DDD39B1CD0AF522C942535E /* Pods-Virtual Graffiti.release.xcconfig */ = {isa = PBXFileReference; includeInIndex = 1; lastKnownFileType = text.xcconfig; name = "Pods-Virtual Graffiti.release.xcconfig"; path = "Target Support Files/Pods-Virtual Graffiti/Pods-Virtual Graffiti.release.xcconfig"; sourceTree = "<group>"; };
		62237AEC7538514B5CB55837 /* Pods-Virtual GraffitiTests.release.xcconfig */ = {isa = PBXFileReference; includeInIndex = 1; lastKnownFileType = text.xcconfig; name = "Pods-Virtual GraffitiTests.release.xcconfig"; path = "Target Support Files/Pods-Virtual GraffitiTests/Pods-Virtual GraffitiTests.release.xcconfig"; sourceTree = "<group>"; };
		713D8F45B78325543AE00400 /* Pods_Virtual_GraffitiTests.framework */ = {isa = PBXFileReference; explicitFileType = wrapper.framework; includeInIndex = 0; path = Pods_Virtual_GraffitiTests.framework; sourceTree = BUILT_PRODUCTS_DIR; };
		770663F823EB860600E98F63 /* AppAuth.framework */ = {isa = PBXFileReference; explicitFileType = wrapper.framework; path = AppAuth.framework; sourceTree = BUILT_PRODUCTS_DIR; };
		7746C3B123DE581C00DDC27C /* Virtual Graffiti.app */ = {isa = PBXFileReference; explicitFileType = wrapper.application; includeInIndex = 0; path = "Virtual Graffiti.app"; sourceTree = BUILT_PRODUCTS_DIR; };
		7746C3B423DE581C00DDC27C /* AppDelegate.swift */ = {isa = PBXFileReference; lastKnownFileType = sourcecode.swift; path = AppDelegate.swift; sourceTree = "<group>"; };
		7746C3B623DE581C00DDC27C /* SceneDelegate.swift */ = {isa = PBXFileReference; lastKnownFileType = sourcecode.swift; path = SceneDelegate.swift; sourceTree = "<group>"; };
		7746C3B823DE581C00DDC27C /* ViewController.swift */ = {isa = PBXFileReference; lastKnownFileType = sourcecode.swift; path = ViewController.swift; sourceTree = "<group>"; };
		7746C3BB23DE581C00DDC27C /* Base */ = {isa = PBXFileReference; lastKnownFileType = file.storyboard; name = Base; path = Base.lproj/Main.storyboard; sourceTree = "<group>"; };
		7746C3BD23DE581D00DDC27C /* Assets.xcassets */ = {isa = PBXFileReference; lastKnownFileType = folder.assetcatalog; path = Assets.xcassets; sourceTree = "<group>"; };
		7746C3C023DE581D00DDC27C /* Base */ = {isa = PBXFileReference; lastKnownFileType = file.storyboard; name = Base; path = Base.lproj/LaunchScreen.storyboard; sourceTree = "<group>"; };
		7746C3C223DE581D00DDC27C /* Info.plist */ = {isa = PBXFileReference; lastKnownFileType = text.plist.xml; path = Info.plist; sourceTree = "<group>"; };
		7746C3C723DE581E00DDC27C /* Virtual GraffitiTests.xctest */ = {isa = PBXFileReference; explicitFileType = wrapper.cfbundle; includeInIndex = 0; path = "Virtual GraffitiTests.xctest"; sourceTree = BUILT_PRODUCTS_DIR; };
		7746C3CB23DE581E00DDC27C /* LoginTests.swift */ = {isa = PBXFileReference; lastKnownFileType = sourcecode.swift; path = LoginTests.swift; sourceTree = "<group>"; };
		7746C3CD23DE581E00DDC27C /* Info.plist */ = {isa = PBXFileReference; lastKnownFileType = text.plist.xml; path = Info.plist; sourceTree = "<group>"; };
		7746C3D223DE581E00DDC27C /* Virtual GraffitiUITests.xctest */ = {isa = PBXFileReference; explicitFileType = wrapper.cfbundle; includeInIndex = 0; path = "Virtual GraffitiUITests.xctest"; sourceTree = BUILT_PRODUCTS_DIR; };
		7746C3D623DE581E00DDC27C /* LoginUITests.swift */ = {isa = PBXFileReference; lastKnownFileType = sourcecode.swift; path = LoginUITests.swift; sourceTree = "<group>"; };
		7746C3D823DE581E00DDC27C /* Info.plist */ = {isa = PBXFileReference; lastKnownFileType = text.plist.xml; path = Info.plist; sourceTree = "<group>"; };
		77811512245B95AB00985F42 /* QRNode.swift */ = {isa = PBXFileReference; lastKnownFileType = sourcecode.swift; path = QRNode.swift; sourceTree = "<group>"; };
		7791645923DECE6600BDDDCC /* GoogleService-Info-old.plist */ = {isa = PBXFileReference; fileEncoding = 4; lastKnownFileType = text.plist.xml; path = "GoogleService-Info-old.plist"; sourceTree = "<group>"; };
		77D57EF923EE29D800A665A3 /* ResetPasswordViewController.swift */ = {isa = PBXFileReference; lastKnownFileType = sourcecode.swift; path = ResetPasswordViewController.swift; sourceTree = "<group>"; };
		77DD9B5124078DA6005AF15C /* PencilKitInterface.swift */ = {isa = PBXFileReference; fileEncoding = 4; lastKnownFileType = sourcecode.swift; path = PencilKitInterface.swift; sourceTree = "<group>"; };
		77DD9B5224078DA6005AF15C /* PKCanvas.swift */ = {isa = PBXFileReference; fileEncoding = 4; lastKnownFileType = sourcecode.swift; path = PKCanvas.swift; sourceTree = "<group>"; };
		77E74DC523E222C100C6E65C /* SignUpViewController.swift */ = {isa = PBXFileReference; lastKnownFileType = sourcecode.swift; path = SignUpViewController.swift; sourceTree = "<group>"; };
		77E74DC723E222CF00C6E65C /* LoginViewController.swift */ = {isa = PBXFileReference; lastKnownFileType = sourcecode.swift; path = LoginViewController.swift; sourceTree = "<group>"; };
		77E74DC923E222E700C6E65C /* HomeViewController.swift */ = {isa = PBXFileReference; lastKnownFileType = sourcecode.swift; path = HomeViewController.swift; sourceTree = "<group>"; };
		77E74DCC23E240F000C6E65C /* Constants.swift */ = {isa = PBXFileReference; lastKnownFileType = sourcecode.swift; path = Constants.swift; sourceTree = "<group>"; };
		77E804CD23EB6AE300432DCD /* Experience.rcproject */ = {isa = PBXFileReference; lastKnownFileType = file.rcproject; path = Experience.rcproject; sourceTree = "<group>"; };
		C0086EBC2412B092001C4A22 /* ARCL.framework */ = {isa = PBXFileReference; explicitFileType = wrapper.framework; path = ARCL.framework; sourceTree = BUILT_PRODUCTS_DIR; };
		C0086EC12412B113001C4A22 /* Stroke.swift */ = {isa = PBXFileReference; lastKnownFileType = sourcecode.swift; path = Stroke.swift; sourceTree = "<group>"; };
		C0086EC32412B33E001C4A22 /* SecondTierRoot.swift */ = {isa = PBXFileReference; lastKnownFileType = sourcecode.swift; path = SecondTierRoot.swift; sourceTree = "<group>"; };
		C0086EC52412B492001C4A22 /* Math.swift */ = {isa = PBXFileReference; lastKnownFileType = sourcecode.swift; path = Math.swift; sourceTree = "<group>"; };
		C01B55F9245E58ED004007BC /* DrawState.swift */ = {isa = PBXFileReference; fileEncoding = 4; lastKnownFileType = sourcecode.swift; path = DrawState.swift; sourceTree = "<group>"; };
		C07CB34D246F3421003D396E /* GoogleService-Info.plist */ = {isa = PBXFileReference; fileEncoding = 4; lastKnownFileType = text.plist.xml; path = "GoogleService-Info.plist"; sourceTree = "<group>"; };
		C09D24E5244824BA00FFA752 /* Stack.swift */ = {isa = PBXFileReference; lastKnownFileType = sourcecode.swift; path = Stack.swift; sourceTree = "<group>"; };
		CC1DA7D233F32C423E671A34 /* Pods_Virtual_Graffiti.framework */ = {isa = PBXFileReference; explicitFileType = wrapper.framework; includeInIndex = 0; path = Pods_Virtual_Graffiti.framework; sourceTree = BUILT_PRODUCTS_DIR; };
		CE4CA7AF240E23B6005BEDC8 /* Database.swift */ = {isa = PBXFileReference; lastKnownFileType = sourcecode.swift; path = Database.swift; sourceTree = "<group>"; };
		CE7C17E3243A4552005CE88A /* EditState.swift */ = {isa = PBXFileReference; lastKnownFileType = sourcecode.swift; path = EditState.swift; sourceTree = "<group>"; };
		CE87C38B245BD64B00524D4B /* AttributedType.swift */ = {isa = PBXFileReference; fileEncoding = 4; lastKnownFileType = sourcecode.swift; path = AttributedType.swift; sourceTree = "<group>"; };
		CE87C38D245BD64B00524D4B /* ScalingScheme.swift */ = {isa = PBXFileReference; fileEncoding = 4; lastKnownFileType = sourcecode.swift; path = ScalingScheme.swift; sourceTree = "<group>"; };
		CE87C38E245BD64B00524D4B /* LocationNode.swift */ = {isa = PBXFileReference; fileEncoding = 4; lastKnownFileType = sourcecode.swift; path = LocationNode.swift; sourceTree = "<group>"; };
		CE87C38F245BD64B00524D4B /* PolylineNode.swift */ = {isa = PBXFileReference; fileEncoding = 4; lastKnownFileType = sourcecode.swift; path = PolylineNode.swift; sourceTree = "<group>"; };
		CE87C390245BD64B00524D4B /* LocationAnnotationNode.swift */ = {isa = PBXFileReference; fileEncoding = 4; lastKnownFileType = sourcecode.swift; path = LocationAnnotationNode.swift; sourceTree = "<group>"; };
		CE87C391245BD64B00524D4B /* SceneLocationView+ARSCNViewDelegate.swift */ = {isa = PBXFileReference; fileEncoding = 4; lastKnownFileType = sourcecode.swift; path = "SceneLocationView+ARSCNViewDelegate.swift"; sourceTree = "<group>"; };
		CE87C393245BD64B00524D4B /* SceneLocationEstimate.swift */ = {isa = PBXFileReference; fileEncoding = 4; lastKnownFileType = sourcecode.swift; path = SceneLocationEstimate.swift; sourceTree = "<group>"; };
		CE87C394245BD64B00524D4B /* SceneLocationEstimate+Extensions.swift */ = {isa = PBXFileReference; fileEncoding = 4; lastKnownFileType = sourcecode.swift; path = "SceneLocationEstimate+Extensions.swift"; sourceTree = "<group>"; };
		CE87C395245BD64B00524D4B /* SceneLocationManager.swift */ = {isa = PBXFileReference; fileEncoding = 4; lastKnownFileType = sourcecode.swift; path = SceneLocationManager.swift; sourceTree = "<group>"; };
		CE87C396245BD64B00524D4B /* LocationManager.swift */ = {isa = PBXFileReference; fileEncoding = 4; lastKnownFileType = sourcecode.swift; path = LocationManager.swift; sourceTree = "<group>"; };
		CE87C398245BD64B00524D4B /* SCNVector3+Extensions.swift */ = {isa = PBXFileReference; fileEncoding = 4; lastKnownFileType = sourcecode.swift; path = "SCNVector3+Extensions.swift"; sourceTree = "<group>"; };
		CE87C399245BD64B00524D4B /* FloatingPoint+Radians.swift */ = {isa = PBXFileReference; fileEncoding = 4; lastKnownFileType = sourcecode.swift; path = "FloatingPoint+Radians.swift"; sourceTree = "<group>"; };
		CE87C39A245BD64B00524D4B /* BaseTypes+Extensions.swift */ = {isa = PBXFileReference; fileEncoding = 4; lastKnownFileType = sourcecode.swift; path = "BaseTypes+Extensions.swift"; sourceTree = "<group>"; };
		CE87C39B245BD64B00524D4B /* CGPoint+Extensions.swift */ = {isa = PBXFileReference; fileEncoding = 4; lastKnownFileType = sourcecode.swift; path = "CGPoint+Extensions.swift"; sourceTree = "<group>"; };
		CE87C39C245BD64B00524D4B /* CLLocation+Extensions.swift */ = {isa = PBXFileReference; fileEncoding = 4; lastKnownFileType = sourcecode.swift; path = "CLLocation+Extensions.swift"; sourceTree = "<group>"; };
		CE87C39D245BD64B00524D4B /* SCNNode+Extensions.swift */ = {isa = PBXFileReference; fileEncoding = 4; lastKnownFileType = sourcecode.swift; path = "SCNNode+Extensions.swift"; sourceTree = "<group>"; };
		CE87C39E245BD64B00524D4B /* ARKit_CoreLocation.swift */ = {isa = PBXFileReference; fileEncoding = 4; lastKnownFileType = sourcecode.swift; path = ARKit_CoreLocation.swift; sourceTree = "<group>"; };
		CE87C39F245BD64B00524D4B /* SceneLocationView.swift */ = {isa = PBXFileReference; fileEncoding = 4; lastKnownFileType = sourcecode.swift; path = SceneLocationView.swift; sourceTree = "<group>"; };
		CE87C3A0245BD64B00524D4B /* SceneLocationViewEstimateDelegate.swift */ = {isa = PBXFileReference; fileEncoding = 4; lastKnownFileType = sourcecode.swift; path = SceneLocationViewEstimateDelegate.swift; sourceTree = "<group>"; };
		CECFCA4B246D01440003EA98 /* PermissionsViewController.swift */ = {isa = PBXFileReference; lastKnownFileType = sourcecode.swift; path = PermissionsViewController.swift; sourceTree = "<group>"; };
		DBD766DFC17567705C4EF56F /* Pods_Virtual_Graffiti_Virtual_GraffitiUITests.framework */ = {isa = PBXFileReference; explicitFileType = wrapper.framework; includeInIndex = 0; path = Pods_Virtual_Graffiti_Virtual_GraffitiUITests.framework; sourceTree = BUILT_PRODUCTS_DIR; };
/* End PBXFileReference section */

/* Begin PBXFrameworksBuildPhase section */
		7746C3AE23DE581C00DDC27C /* Frameworks */ = {
			isa = PBXFrameworksBuildPhase;
			buildActionMask = 2147483647;
			files = (
				77D57EF423EE23D400A665A3 /* AppAuth.framework in Frameworks */,
				8F6D4E6C031F450856012634 /* Pods_Virtual_Graffiti.framework in Frameworks */,
			);
			runOnlyForDeploymentPostprocessing = 0;
		};
		7746C3C423DE581E00DDC27C /* Frameworks */ = {
			isa = PBXFrameworksBuildPhase;
			buildActionMask = 2147483647;
			files = (
				C4428F1649E6E995D5630731 /* Pods_Virtual_GraffitiTests.framework in Frameworks */,
			);
			runOnlyForDeploymentPostprocessing = 0;
		};
		7746C3CF23DE581E00DDC27C /* Frameworks */ = {
			isa = PBXFrameworksBuildPhase;
			buildActionMask = 2147483647;
			files = (
				9112A514735DB6531EA41E97 /* Pods_Virtual_Graffiti_Virtual_GraffitiUITests.framework in Frameworks */,
			);
			runOnlyForDeploymentPostprocessing = 0;
		};
/* End PBXFrameworksBuildPhase section */

/* Begin PBXGroup section */
		0FA41240244A94CB00C5FA8E /* Emoji */ = {
			isa = PBXGroup;
			children = (
				0F0E0E942450F61B00AC6004 /* ListHeaderView.swift */,
				0FA41242244A94CB00C5FA8E /* ModeButton.swift */,
				0F0E0E8C244E993200AC6004 /* MenuCollectionViewCell.swift */,
				0FA41244244A94CB00C5FA8E /* Emoji.swift */,
				0FA41245244A94CB00C5FA8E /* emojis.scnassets */,
			);
			path = Emoji;
			sourceTree = "<group>";
		};
		4383BAD7677B1109D60843AA /* Frameworks */ = {
			isa = PBXGroup;
			children = (
				C0086EBC2412B092001C4A22 /* ARCL.framework */,
				770663F823EB860600E98F63 /* AppAuth.framework */,
				CC1DA7D233F32C423E671A34 /* Pods_Virtual_Graffiti.framework */,
				DBD766DFC17567705C4EF56F /* Pods_Virtual_Graffiti_Virtual_GraffitiUITests.framework */,
				713D8F45B78325543AE00400 /* Pods_Virtual_GraffitiTests.framework */,
			);
			name = Frameworks;
			sourceTree = "<group>";
		};
		7746C3A823DE581C00DDC27C = {
			isa = PBXGroup;
			children = (
				CE87C389245BD64B00524D4B /* ARKit-CoreLocation */,
				CE4CA7AE240E238B005BEDC8 /* Database */,
				7746C3B323DE581C00DDC27C /* Virtual Graffiti */,
				7746C3CA23DE581E00DDC27C /* Virtual_GraffitiTests */,
				7746C3D523DE581E00DDC27C /* Virtual_GraffitiUITests */,
				7746C3B223DE581C00DDC27C /* Products */,
				A8B72136C347A71617C4AB60 /* Pods */,
				4383BAD7677B1109D60843AA /* Frameworks */,
			);
			sourceTree = "<group>";
		};
		7746C3B223DE581C00DDC27C /* Products */ = {
			isa = PBXGroup;
			children = (
				7746C3B123DE581C00DDC27C /* Virtual Graffiti.app */,
				7746C3C723DE581E00DDC27C /* Virtual GraffitiTests.xctest */,
				7746C3D223DE581E00DDC27C /* Virtual GraffitiUITests.xctest */,
			);
			name = Products;
			sourceTree = "<group>";
		};
		7746C3B323DE581C00DDC27C /* Virtual Graffiti */ = {
			isa = PBXGroup;
			children = (
				0FA41240244A94CB00C5FA8E /* Emoji */,
				77DD9B5024078D7A005AF15C /* PencilKit */,
				C0086EC02412B0FE001C4A22 /* Drawing */,
				77E74DCB23E240BF00C6E65C /* Helpers */,
				77E74DC423E2217100C6E65C /* ViewControllers */,
				7746C3B423DE581C00DDC27C /* AppDelegate.swift */,
				7746C3B623DE581C00DDC27C /* SceneDelegate.swift */,
				7746C3BA23DE581C00DDC27C /* Main.storyboard */,
				7746C3BD23DE581D00DDC27C /* Assets.xcassets */,
				77E804CD23EB6AE300432DCD /* Experience.rcproject */,
				C07CB34D246F3421003D396E /* GoogleService-Info.plist */,
				7746C3BF23DE581D00DDC27C /* LaunchScreen.storyboard */,
				7791645923DECE6600BDDDCC /* GoogleService-Info-old.plist */,
				7746C3C223DE581D00DDC27C /* Info.plist */,
			);
			path = "Virtual Graffiti";
			sourceTree = "<group>";
		};
		7746C3CA23DE581E00DDC27C /* Virtual_GraffitiTests */ = {
			isa = PBXGroup;
			children = (
				7746C3CB23DE581E00DDC27C /* LoginTests.swift */,
				7746C3CD23DE581E00DDC27C /* Info.plist */,
			);
			path = Virtual_GraffitiTests;
			sourceTree = "<group>";
		};
		7746C3D523DE581E00DDC27C /* Virtual_GraffitiUITests */ = {
			isa = PBXGroup;
			children = (
				7746C3D623DE581E00DDC27C /* LoginUITests.swift */,
				7746C3D823DE581E00DDC27C /* Info.plist */,
			);
			path = Virtual_GraffitiUITests;
			sourceTree = "<group>";
		};
		77DD9B5024078D7A005AF15C /* PencilKit */ = {
			isa = PBXGroup;
			children = (
				77DD9B5124078DA6005AF15C /* PencilKitInterface.swift */,
				77DD9B5224078DA6005AF15C /* PKCanvas.swift */,
			);
			path = PencilKit;
			sourceTree = "<group>";
		};
		77E74DC423E2217100C6E65C /* ViewControllers */ = {
			isa = PBXGroup;
			children = (
				7746C3B823DE581C00DDC27C /* ViewController.swift */,
				CECFCA4B246D01440003EA98 /* PermissionsViewController.swift */,
				77E74DC523E222C100C6E65C /* SignUpViewController.swift */,
				77E74DC723E222CF00C6E65C /* LoginViewController.swift */,
				77E74DC923E222E700C6E65C /* HomeViewController.swift */,
				77D57EF923EE29D800A665A3 /* ResetPasswordViewController.swift */,
				0F0E0E88244E95F900AC6004 /* EmojiViewController.swift */,
			);
			path = ViewControllers;
			sourceTree = "<group>";
		};
		77E74DCB23E240BF00C6E65C /* Helpers */ = {
			isa = PBXGroup;
			children = (
				77E74DCC23E240F000C6E65C /* Constants.swift */,
				C09D24E5244824BA00FFA752 /* Stack.swift */,
			);
			path = Helpers;
			sourceTree = "<group>";
		};
		A8B72136C347A71617C4AB60 /* Pods */ = {
			isa = PBXGroup;
			children = (
				49143AAF3F0F9F07745D4977 /* Pods-Virtual Graffiti.debug.xcconfig */,
				4DDD39B1CD0AF522C942535E /* Pods-Virtual Graffiti.release.xcconfig */,
				06794F36345EA5697925031B /* Pods-Virtual Graffiti-Virtual GraffitiUITests.debug.xcconfig */,
				3B3B6E6539ADE1219B2C6376 /* Pods-Virtual Graffiti-Virtual GraffitiUITests.release.xcconfig */,
				32B31EB7F8621EB7EEDF6543 /* Pods-Virtual GraffitiTests.debug.xcconfig */,
				62237AEC7538514B5CB55837 /* Pods-Virtual GraffitiTests.release.xcconfig */,
			);
			path = Pods;
			sourceTree = "<group>";
		};
		C0086EC02412B0FE001C4A22 /* Drawing */ = {
			isa = PBXGroup;
			children = (
				C01B55F9245E58ED004007BC /* DrawState.swift */,
				C0086EC12412B113001C4A22 /* Stroke.swift */,
				C0086EC32412B33E001C4A22 /* SecondTierRoot.swift */,
				C0086EC52412B492001C4A22 /* Math.swift */,
				CE7C17E3243A4552005CE88A /* EditState.swift */,
				77811512245B95AB00985F42 /* QRNode.swift */,
			);
			path = Drawing;
			sourceTree = "<group>";
		};
		CE4CA7AE240E238B005BEDC8 /* Database */ = {
			isa = PBXGroup;
			children = (
				CE4CA7AF240E23B6005BEDC8 /* Database.swift */,
			);
			path = Database;
			sourceTree = "<group>";
		};
		CE87C389245BD64B00524D4B /* ARKit-CoreLocation */ = {
			isa = PBXGroup;
			children = (
				CE87C38A245BD64B00524D4B /* Util */,
				CE87C38C245BD64B00524D4B /* Nodes */,
				CE87C391245BD64B00524D4B /* SceneLocationView+ARSCNViewDelegate.swift */,
				CE87C392245BD64B00524D4B /* Location Manager */,
				CE87C397245BD64B00524D4B /* Extensions */,
				CE87C39E245BD64B00524D4B /* ARKit_CoreLocation.swift */,
				CE87C39F245BD64B00524D4B /* SceneLocationView.swift */,
				CE87C3A0245BD64B00524D4B /* SceneLocationViewEstimateDelegate.swift */,
			);
			path = "ARKit-CoreLocation";
			sourceTree = "<group>";
		};
		CE87C38A245BD64B00524D4B /* Util */ = {
			isa = PBXGroup;
			children = (
				CE87C38B245BD64B00524D4B /* AttributedType.swift */,
			);
			path = Util;
			sourceTree = "<group>";
		};
		CE87C38C245BD64B00524D4B /* Nodes */ = {
			isa = PBXGroup;
			children = (
				CE87C38D245BD64B00524D4B /* ScalingScheme.swift */,
				CE87C38E245BD64B00524D4B /* LocationNode.swift */,
				CE87C38F245BD64B00524D4B /* PolylineNode.swift */,
				CE87C390245BD64B00524D4B /* LocationAnnotationNode.swift */,
			);
			path = Nodes;
			sourceTree = "<group>";
		};
		CE87C392245BD64B00524D4B /* Location Manager */ = {
			isa = PBXGroup;
			children = (
				CE87C393245BD64B00524D4B /* SceneLocationEstimate.swift */,
				CE87C394245BD64B00524D4B /* SceneLocationEstimate+Extensions.swift */,
				CE87C395245BD64B00524D4B /* SceneLocationManager.swift */,
				CE87C396245BD64B00524D4B /* LocationManager.swift */,
			);
			path = "Location Manager";
			sourceTree = "<group>";
		};
		CE87C397245BD64B00524D4B /* Extensions */ = {
			isa = PBXGroup;
			children = (
				CE87C398245BD64B00524D4B /* SCNVector3+Extensions.swift */,
				CE87C399245BD64B00524D4B /* FloatingPoint+Radians.swift */,
				CE87C39A245BD64B00524D4B /* BaseTypes+Extensions.swift */,
				CE87C39B245BD64B00524D4B /* CGPoint+Extensions.swift */,
				CE87C39C245BD64B00524D4B /* CLLocation+Extensions.swift */,
				CE87C39D245BD64B00524D4B /* SCNNode+Extensions.swift */,
			);
			path = Extensions;
			sourceTree = "<group>";
		};
/* End PBXGroup section */

/* Begin PBXNativeTarget section */
		7746C3B023DE581C00DDC27C /* Virtual Graffiti */ = {
			isa = PBXNativeTarget;
			buildConfigurationList = 7746C3DB23DE581E00DDC27C /* Build configuration list for PBXNativeTarget "Virtual Graffiti" */;
			buildPhases = (
				1FB7B8F384442512A9AF5532 /* [CP] Check Pods Manifest.lock */,
				7746C3AD23DE581C00DDC27C /* Sources */,
				7746C3AE23DE581C00DDC27C /* Frameworks */,
				7746C3AF23DE581C00DDC27C /* Resources */,
				ECEA5BDD4D7EF0E9E2CBBEF7 /* [CP] Embed Pods Frameworks */,
				59DD6BC22902DB9B0089DDBB /* [CP] Copy Pods Resources */,
			);
			buildRules = (
			);
			dependencies = (
			);
			name = "Virtual Graffiti";
			productName = Login;
			productReference = 7746C3B123DE581C00DDC27C /* Virtual Graffiti.app */;
			productType = "com.apple.product-type.application";
		};
		7746C3C623DE581E00DDC27C /* Virtual GraffitiTests */ = {
			isa = PBXNativeTarget;
			buildConfigurationList = 7746C3DE23DE581E00DDC27C /* Build configuration list for PBXNativeTarget "Virtual GraffitiTests" */;
			buildPhases = (
				7A06C2F0575A146B0FBB035C /* [CP] Check Pods Manifest.lock */,
				7746C3C323DE581E00DDC27C /* Sources */,
				7746C3C423DE581E00DDC27C /* Frameworks */,
				7746C3C523DE581E00DDC27C /* Resources */,
			);
			buildRules = (
			);
			dependencies = (
				7746C3C923DE581E00DDC27C /* PBXTargetDependency */,
			);
			name = "Virtual GraffitiTests";
			productName = LoginTests;
			productReference = 7746C3C723DE581E00DDC27C /* Virtual GraffitiTests.xctest */;
			productType = "com.apple.product-type.bundle.unit-test";
		};
		7746C3D123DE581E00DDC27C /* Virtual GraffitiUITests */ = {
			isa = PBXNativeTarget;
			buildConfigurationList = 7746C3E123DE581E00DDC27C /* Build configuration list for PBXNativeTarget "Virtual GraffitiUITests" */;
			buildPhases = (
				C39A5D349F9DAE853AF4288A /* [CP] Check Pods Manifest.lock */,
				7746C3CE23DE581E00DDC27C /* Sources */,
				7746C3CF23DE581E00DDC27C /* Frameworks */,
				7746C3D023DE581E00DDC27C /* Resources */,
				1B7429B0B05FF835BB73479E /* [CP] Embed Pods Frameworks */,
				1378B72ADC06FA752FACC6A6 /* [CP] Copy Pods Resources */,
			);
			buildRules = (
			);
			dependencies = (
				7746C3D423DE581E00DDC27C /* PBXTargetDependency */,
			);
			name = "Virtual GraffitiUITests";
			productName = LoginUITests;
			productReference = 7746C3D223DE581E00DDC27C /* Virtual GraffitiUITests.xctest */;
			productType = "com.apple.product-type.bundle.ui-testing";
		};
/* End PBXNativeTarget section */

/* Begin PBXProject section */
		7746C3A923DE581C00DDC27C /* Project object */ = {
			isa = PBXProject;
			attributes = {
				LastSwiftUpdateCheck = 1130;
				LastUpgradeCheck = 1130;
				ORGANIZATIONNAME = "Team Rocket";
				TargetAttributes = {
					7746C3B023DE581C00DDC27C = {
						CreatedOnToolsVersion = 11.3.1;
					};
					7746C3C623DE581E00DDC27C = {
						CreatedOnToolsVersion = 11.3.1;
						TestTargetID = 7746C3B023DE581C00DDC27C;
					};
					7746C3D123DE581E00DDC27C = {
						CreatedOnToolsVersion = 11.3.1;
						TestTargetID = 7746C3B023DE581C00DDC27C;
					};
				};
			};
			buildConfigurationList = 7746C3AC23DE581C00DDC27C /* Build configuration list for PBXProject "Virtual Graffiti" */;
			compatibilityVersion = "Xcode 9.3";
			developmentRegion = en;
			hasScannedForEncodings = 0;
			knownRegions = (
				en,
				Base,
			);
			mainGroup = 7746C3A823DE581C00DDC27C;
			productRefGroup = 7746C3B223DE581C00DDC27C /* Products */;
			projectDirPath = "";
			projectRoot = "";
			targets = (
				7746C3B023DE581C00DDC27C /* Virtual Graffiti */,
				7746C3C623DE581E00DDC27C /* Virtual GraffitiTests */,
				7746C3D123DE581E00DDC27C /* Virtual GraffitiUITests */,
			);
		};
/* End PBXProject section */

/* Begin PBXResourcesBuildPhase section */
		7746C3AF23DE581C00DDC27C /* Resources */ = {
			isa = PBXResourcesBuildPhase;
			buildActionMask = 2147483647;
			files = (
				7746C3C123DE581D00DDC27C /* LaunchScreen.storyboard in Resources */,
				C07CB34E246F3421003D396E /* GoogleService-Info.plist in Resources */,
				0FA4124A244A94CC00C5FA8E /* emojis.scnassets in Resources */,
				7791645A23DECE6600BDDDCC /* GoogleService-Info-old.plist in Resources */,
				7746C3BE23DE581D00DDC27C /* Assets.xcassets in Resources */,
				7746C3BC23DE581C00DDC27C /* Main.storyboard in Resources */,
			);
			runOnlyForDeploymentPostprocessing = 0;
		};
		7746C3C523DE581E00DDC27C /* Resources */ = {
			isa = PBXResourcesBuildPhase;
			buildActionMask = 2147483647;
			files = (
			);
			runOnlyForDeploymentPostprocessing = 0;
		};
		7746C3D023DE581E00DDC27C /* Resources */ = {
			isa = PBXResourcesBuildPhase;
			buildActionMask = 2147483647;
			files = (
			);
			runOnlyForDeploymentPostprocessing = 0;
		};
/* End PBXResourcesBuildPhase section */

/* Begin PBXShellScriptBuildPhase section */
		1378B72ADC06FA752FACC6A6 /* [CP] Copy Pods Resources */ = {
			isa = PBXShellScriptBuildPhase;
			buildActionMask = 2147483647;
			files = (
			);
			inputFileListPaths = (
				"${PODS_ROOT}/Target Support Files/Pods-Virtual Graffiti-Virtual GraffitiUITests/Pods-Virtual Graffiti-Virtual GraffitiUITests-resources-${CONFIGURATION}-input-files.xcfilelist",
			);
			name = "[CP] Copy Pods Resources";
			outputFileListPaths = (
				"${PODS_ROOT}/Target Support Files/Pods-Virtual Graffiti-Virtual GraffitiUITests/Pods-Virtual Graffiti-Virtual GraffitiUITests-resources-${CONFIGURATION}-output-files.xcfilelist",
			);
			runOnlyForDeploymentPostprocessing = 0;
			shellPath = /bin/sh;
			shellScript = "\"${PODS_ROOT}/Target Support Files/Pods-Virtual Graffiti-Virtual GraffitiUITests/Pods-Virtual Graffiti-Virtual GraffitiUITests-resources.sh\"\n";
			showEnvVarsInLog = 0;
		};
		1B7429B0B05FF835BB73479E /* [CP] Embed Pods Frameworks */ = {
			isa = PBXShellScriptBuildPhase;
			buildActionMask = 2147483647;
			files = (
			);
			inputFileListPaths = (
				"${PODS_ROOT}/Target Support Files/Pods-Virtual Graffiti-Virtual GraffitiUITests/Pods-Virtual Graffiti-Virtual GraffitiUITests-frameworks-${CONFIGURATION}-input-files.xcfilelist",
			);
			name = "[CP] Embed Pods Frameworks";
			outputFileListPaths = (
				"${PODS_ROOT}/Target Support Files/Pods-Virtual Graffiti-Virtual GraffitiUITests/Pods-Virtual Graffiti-Virtual GraffitiUITests-frameworks-${CONFIGURATION}-output-files.xcfilelist",
			);
			runOnlyForDeploymentPostprocessing = 0;
			shellPath = /bin/sh;
			shellScript = "\"${PODS_ROOT}/Target Support Files/Pods-Virtual Graffiti-Virtual GraffitiUITests/Pods-Virtual Graffiti-Virtual GraffitiUITests-frameworks.sh\"\n";
			showEnvVarsInLog = 0;
		};
		1FB7B8F384442512A9AF5532 /* [CP] Check Pods Manifest.lock */ = {
			isa = PBXShellScriptBuildPhase;
			buildActionMask = 2147483647;
			files = (
			);
			inputFileListPaths = (
			);
			inputPaths = (
				"${PODS_PODFILE_DIR_PATH}/Podfile.lock",
				"${PODS_ROOT}/Manifest.lock",
			);
			name = "[CP] Check Pods Manifest.lock";
			outputFileListPaths = (
			);
			outputPaths = (
				"$(DERIVED_FILE_DIR)/Pods-Virtual Graffiti-checkManifestLockResult.txt",
			);
			runOnlyForDeploymentPostprocessing = 0;
			shellPath = /bin/sh;
			shellScript = "diff \"${PODS_PODFILE_DIR_PATH}/Podfile.lock\" \"${PODS_ROOT}/Manifest.lock\" > /dev/null\nif [ $? != 0 ] ; then\n    # print error to STDERR\n    echo \"error: The sandbox is not in sync with the Podfile.lock. Run 'pod install' or update your CocoaPods installation.\" >&2\n    exit 1\nfi\n# This output is used by Xcode 'outputs' to avoid re-running this script phase.\necho \"SUCCESS\" > \"${SCRIPT_OUTPUT_FILE_0}\"\n";
			showEnvVarsInLog = 0;
		};
		59DD6BC22902DB9B0089DDBB /* [CP] Copy Pods Resources */ = {
			isa = PBXShellScriptBuildPhase;
			buildActionMask = 2147483647;
			files = (
			);
			inputFileListPaths = (
				"${PODS_ROOT}/Target Support Files/Pods-Virtual Graffiti/Pods-Virtual Graffiti-resources-${CONFIGURATION}-input-files.xcfilelist",
			);
			name = "[CP] Copy Pods Resources";
			outputFileListPaths = (
				"${PODS_ROOT}/Target Support Files/Pods-Virtual Graffiti/Pods-Virtual Graffiti-resources-${CONFIGURATION}-output-files.xcfilelist",
			);
			runOnlyForDeploymentPostprocessing = 0;
			shellPath = /bin/sh;
			shellScript = "\"${PODS_ROOT}/Target Support Files/Pods-Virtual Graffiti/Pods-Virtual Graffiti-resources.sh\"\n";
			showEnvVarsInLog = 0;
		};
		7A06C2F0575A146B0FBB035C /* [CP] Check Pods Manifest.lock */ = {
			isa = PBXShellScriptBuildPhase;
			buildActionMask = 2147483647;
			files = (
			);
			inputFileListPaths = (
			);
			inputPaths = (
				"${PODS_PODFILE_DIR_PATH}/Podfile.lock",
				"${PODS_ROOT}/Manifest.lock",
			);
			name = "[CP] Check Pods Manifest.lock";
			outputFileListPaths = (
			);
			outputPaths = (
				"$(DERIVED_FILE_DIR)/Pods-Virtual GraffitiTests-checkManifestLockResult.txt",
			);
			runOnlyForDeploymentPostprocessing = 0;
			shellPath = /bin/sh;
			shellScript = "diff \"${PODS_PODFILE_DIR_PATH}/Podfile.lock\" \"${PODS_ROOT}/Manifest.lock\" > /dev/null\nif [ $? != 0 ] ; then\n    # print error to STDERR\n    echo \"error: The sandbox is not in sync with the Podfile.lock. Run 'pod install' or update your CocoaPods installation.\" >&2\n    exit 1\nfi\n# This output is used by Xcode 'outputs' to avoid re-running this script phase.\necho \"SUCCESS\" > \"${SCRIPT_OUTPUT_FILE_0}\"\n";
			showEnvVarsInLog = 0;
		};
		C39A5D349F9DAE853AF4288A /* [CP] Check Pods Manifest.lock */ = {
			isa = PBXShellScriptBuildPhase;
			buildActionMask = 2147483647;
			files = (
			);
			inputFileListPaths = (
			);
			inputPaths = (
				"${PODS_PODFILE_DIR_PATH}/Podfile.lock",
				"${PODS_ROOT}/Manifest.lock",
			);
			name = "[CP] Check Pods Manifest.lock";
			outputFileListPaths = (
			);
			outputPaths = (
				"$(DERIVED_FILE_DIR)/Pods-Virtual Graffiti-Virtual GraffitiUITests-checkManifestLockResult.txt",
			);
			runOnlyForDeploymentPostprocessing = 0;
			shellPath = /bin/sh;
			shellScript = "diff \"${PODS_PODFILE_DIR_PATH}/Podfile.lock\" \"${PODS_ROOT}/Manifest.lock\" > /dev/null\nif [ $? != 0 ] ; then\n    # print error to STDERR\n    echo \"error: The sandbox is not in sync with the Podfile.lock. Run 'pod install' or update your CocoaPods installation.\" >&2\n    exit 1\nfi\n# This output is used by Xcode 'outputs' to avoid re-running this script phase.\necho \"SUCCESS\" > \"${SCRIPT_OUTPUT_FILE_0}\"\n";
			showEnvVarsInLog = 0;
		};
		ECEA5BDD4D7EF0E9E2CBBEF7 /* [CP] Embed Pods Frameworks */ = {
			isa = PBXShellScriptBuildPhase;
			buildActionMask = 2147483647;
			files = (
			);
			inputFileListPaths = (
				"${PODS_ROOT}/Target Support Files/Pods-Virtual Graffiti/Pods-Virtual Graffiti-frameworks-${CONFIGURATION}-input-files.xcfilelist",
			);
			name = "[CP] Embed Pods Frameworks";
			outputFileListPaths = (
				"${PODS_ROOT}/Target Support Files/Pods-Virtual Graffiti/Pods-Virtual Graffiti-frameworks-${CONFIGURATION}-output-files.xcfilelist",
			);
			runOnlyForDeploymentPostprocessing = 0;
			shellPath = /bin/sh;
			shellScript = "\"${PODS_ROOT}/Target Support Files/Pods-Virtual Graffiti/Pods-Virtual Graffiti-frameworks.sh\"\n";
			showEnvVarsInLog = 0;
		};
/* End PBXShellScriptBuildPhase section */

/* Begin PBXSourcesBuildPhase section */
		7746C3AD23DE581C00DDC27C /* Sources */ = {
			isa = PBXSourcesBuildPhase;
			buildActionMask = 2147483647;
			files = (
				0FA41249244A94CC00C5FA8E /* Emoji.swift in Sources */,
				CE87C3AF245BD64C00524D4B /* CLLocation+Extensions.swift in Sources */,
				C0086EC22412B113001C4A22 /* Stroke.swift in Sources */,
				0F0E0E8D244E993200AC6004 /* MenuCollectionViewCell.swift in Sources */,
				77D57EFA23EE29D800A665A3 /* ResetPasswordViewController.swift in Sources */,
				CE87C3AE245BD64C00524D4B /* CGPoint+Extensions.swift in Sources */,
				7746C3B923DE581C00DDC27C /* ViewController.swift in Sources */,
				7746C3B523DE581C00DDC27C /* AppDelegate.swift in Sources */,
				77E74DC623E222C100C6E65C /* SignUpViewController.swift in Sources */,
				CE87C3A8245BD64C00524D4B /* SceneLocationEstimate+Extensions.swift in Sources */,
				CE87C3A1245BD64C00524D4B /* AttributedType.swift in Sources */,
				77E74DC823E222CF00C6E65C /* LoginViewController.swift in Sources */,
				CE7C17E4243A4552005CE88A /* EditState.swift in Sources */,
				77E74DCD23E240F000C6E65C /* Constants.swift in Sources */,
				CE4CA7B0240E23B6005BEDC8 /* Database.swift in Sources */,
				CE87C3A9245BD64C00524D4B /* SceneLocationManager.swift in Sources */,
				0FA41247244A94CB00C5FA8E /* ModeButton.swift in Sources */,
				CE87C3B1245BD64C00524D4B /* ARKit_CoreLocation.swift in Sources */,
				CE87C3A4245BD64C00524D4B /* PolylineNode.swift in Sources */,
				CE87C3AD245BD64C00524D4B /* BaseTypes+Extensions.swift in Sources */,
				CE87C3B0245BD64C00524D4B /* SCNNode+Extensions.swift in Sources */,
				7746C3B723DE581C00DDC27C /* SceneDelegate.swift in Sources */,
				CE87C3AA245BD64C00524D4B /* LocationManager.swift in Sources */,
				C09D24E6244824BB00FFA752 /* Stack.swift in Sources */,
				CE87C3AB245BD64C00524D4B /* SCNVector3+Extensions.swift in Sources */,
				CE87C3AC245BD64C00524D4B /* FloatingPoint+Radians.swift in Sources */,
				77E804CE23EB6AE300432DCD /* Experience.rcproject in Sources */,
				CE87C3B3245BD64C00524D4B /* SceneLocationViewEstimateDelegate.swift in Sources */,
				77E74DCA23E222E700C6E65C /* HomeViewController.swift in Sources */,
				C0086EC42412B33E001C4A22 /* SecondTierRoot.swift in Sources */,
				0F0E0E952450F61B00AC6004 /* ListHeaderView.swift in Sources */,
				77DD9B5424078DA6005AF15C /* PKCanvas.swift in Sources */,
				CE87C3B2245BD64C00524D4B /* SceneLocationView.swift in Sources */,
				CE87C3A5245BD64C00524D4B /* LocationAnnotationNode.swift in Sources */,
				0F0E0E89244E95F900AC6004 /* EmojiViewController.swift in Sources */,
				77811513245B95AB00985F42 /* QRNode.swift in Sources */,
				CE87C3A7245BD64C00524D4B /* SceneLocationEstimate.swift in Sources */,
				77DD9B5324078DA6005AF15C /* PencilKitInterface.swift in Sources */,
				C01B55FA245E58ED004007BC /* DrawState.swift in Sources */,
				CE87C3A3245BD64C00524D4B /* LocationNode.swift in Sources */,
				CE87C3A6245BD64C00524D4B /* SceneLocationView+ARSCNViewDelegate.swift in Sources */,
				CECFCA4C246D01440003EA98 /* PermissionsViewController.swift in Sources */,
				CE87C3A2245BD64C00524D4B /* ScalingScheme.swift in Sources */,
				C0086EC62412B492001C4A22 /* Math.swift in Sources */,
			);
			runOnlyForDeploymentPostprocessing = 0;
		};
		7746C3C323DE581E00DDC27C /* Sources */ = {
			isa = PBXSourcesBuildPhase;
			buildActionMask = 2147483647;
			files = (
				7746C3CC23DE581E00DDC27C /* LoginTests.swift in Sources */,
			);
			runOnlyForDeploymentPostprocessing = 0;
		};
		7746C3CE23DE581E00DDC27C /* Sources */ = {
			isa = PBXSourcesBuildPhase;
			buildActionMask = 2147483647;
			files = (
				7746C3D723DE581E00DDC27C /* LoginUITests.swift in Sources */,
			);
			runOnlyForDeploymentPostprocessing = 0;
		};
/* End PBXSourcesBuildPhase section */

/* Begin PBXTargetDependency section */
		7746C3C923DE581E00DDC27C /* PBXTargetDependency */ = {
			isa = PBXTargetDependency;
			target = 7746C3B023DE581C00DDC27C /* Virtual Graffiti */;
			targetProxy = 7746C3C823DE581E00DDC27C /* PBXContainerItemProxy */;
		};
		7746C3D423DE581E00DDC27C /* PBXTargetDependency */ = {
			isa = PBXTargetDependency;
			target = 7746C3B023DE581C00DDC27C /* Virtual Graffiti */;
			targetProxy = 7746C3D323DE581E00DDC27C /* PBXContainerItemProxy */;
		};
/* End PBXTargetDependency section */

/* Begin PBXVariantGroup section */
		7746C3BA23DE581C00DDC27C /* Main.storyboard */ = {
			isa = PBXVariantGroup;
			children = (
				7746C3BB23DE581C00DDC27C /* Base */,
			);
			name = Main.storyboard;
			sourceTree = "<group>";
		};
		7746C3BF23DE581D00DDC27C /* LaunchScreen.storyboard */ = {
			isa = PBXVariantGroup;
			children = (
				7746C3C023DE581D00DDC27C /* Base */,
			);
			name = LaunchScreen.storyboard;
			sourceTree = "<group>";
		};
/* End PBXVariantGroup section */

/* Begin XCBuildConfiguration section */
		7746C3D923DE581E00DDC27C /* Debug */ = {
			isa = XCBuildConfiguration;
			buildSettings = {
				ALWAYS_SEARCH_USER_PATHS = NO;
				CLANG_ANALYZER_NONNULL = YES;
				CLANG_ANALYZER_NUMBER_OBJECT_CONVERSION = YES_AGGRESSIVE;
				CLANG_CXX_LANGUAGE_STANDARD = "gnu++14";
				CLANG_CXX_LIBRARY = "libc++";
				CLANG_ENABLE_MODULES = YES;
				CLANG_ENABLE_OBJC_ARC = YES;
				CLANG_ENABLE_OBJC_WEAK = YES;
				CLANG_WARN_BLOCK_CAPTURE_AUTORELEASING = YES;
				CLANG_WARN_BOOL_CONVERSION = YES;
				CLANG_WARN_COMMA = YES;
				CLANG_WARN_CONSTANT_CONVERSION = YES;
				CLANG_WARN_DEPRECATED_OBJC_IMPLEMENTATIONS = YES;
				CLANG_WARN_DIRECT_OBJC_ISA_USAGE = YES_ERROR;
				CLANG_WARN_DOCUMENTATION_COMMENTS = YES;
				CLANG_WARN_EMPTY_BODY = YES;
				CLANG_WARN_ENUM_CONVERSION = YES;
				CLANG_WARN_INFINITE_RECURSION = YES;
				CLANG_WARN_INT_CONVERSION = YES;
				CLANG_WARN_NON_LITERAL_NULL_CONVERSION = YES;
				CLANG_WARN_OBJC_IMPLICIT_RETAIN_SELF = YES;
				CLANG_WARN_OBJC_LITERAL_CONVERSION = YES;
				CLANG_WARN_OBJC_ROOT_CLASS = YES_ERROR;
				CLANG_WARN_RANGE_LOOP_ANALYSIS = YES;
				CLANG_WARN_STRICT_PROTOTYPES = YES;
				CLANG_WARN_SUSPICIOUS_MOVE = YES;
				CLANG_WARN_UNGUARDED_AVAILABILITY = YES_AGGRESSIVE;
				CLANG_WARN_UNREACHABLE_CODE = YES;
				CLANG_WARN__DUPLICATE_METHOD_MATCH = YES;
				COPY_PHASE_STRIP = NO;
				DEBUG_INFORMATION_FORMAT = dwarf;
				ENABLE_STRICT_OBJC_MSGSEND = YES;
				ENABLE_TESTABILITY = YES;
				GCC_C_LANGUAGE_STANDARD = gnu11;
				GCC_DYNAMIC_NO_PIC = NO;
				GCC_NO_COMMON_BLOCKS = YES;
				GCC_OPTIMIZATION_LEVEL = 0;
				GCC_PREPROCESSOR_DEFINITIONS = (
					"DEBUG=1",
					"$(inherited)",
				);
				GCC_WARN_64_TO_32_BIT_CONVERSION = YES;
				GCC_WARN_ABOUT_RETURN_TYPE = YES_ERROR;
				GCC_WARN_UNDECLARED_SELECTOR = YES;
				GCC_WARN_UNINITIALIZED_AUTOS = YES_AGGRESSIVE;
				GCC_WARN_UNUSED_FUNCTION = YES;
				GCC_WARN_UNUSED_VARIABLE = YES;
				IPHONEOS_DEPLOYMENT_TARGET = 13.2;
				MTL_ENABLE_DEBUG_INFO = INCLUDE_SOURCE;
				MTL_FAST_MATH = YES;
				ONLY_ACTIVE_ARCH = YES;
				SDKROOT = iphoneos;
				SWIFT_ACTIVE_COMPILATION_CONDITIONS = DEBUG;
				SWIFT_OPTIMIZATION_LEVEL = "-Onone";
			};
			name = Debug;
		};
		7746C3DA23DE581E00DDC27C /* Release */ = {
			isa = XCBuildConfiguration;
			buildSettings = {
				ALWAYS_SEARCH_USER_PATHS = NO;
				CLANG_ANALYZER_NONNULL = YES;
				CLANG_ANALYZER_NUMBER_OBJECT_CONVERSION = YES_AGGRESSIVE;
				CLANG_CXX_LANGUAGE_STANDARD = "gnu++14";
				CLANG_CXX_LIBRARY = "libc++";
				CLANG_ENABLE_MODULES = YES;
				CLANG_ENABLE_OBJC_ARC = YES;
				CLANG_ENABLE_OBJC_WEAK = YES;
				CLANG_WARN_BLOCK_CAPTURE_AUTORELEASING = YES;
				CLANG_WARN_BOOL_CONVERSION = YES;
				CLANG_WARN_COMMA = YES;
				CLANG_WARN_CONSTANT_CONVERSION = YES;
				CLANG_WARN_DEPRECATED_OBJC_IMPLEMENTATIONS = YES;
				CLANG_WARN_DIRECT_OBJC_ISA_USAGE = YES_ERROR;
				CLANG_WARN_DOCUMENTATION_COMMENTS = YES;
				CLANG_WARN_EMPTY_BODY = YES;
				CLANG_WARN_ENUM_CONVERSION = YES;
				CLANG_WARN_INFINITE_RECURSION = YES;
				CLANG_WARN_INT_CONVERSION = YES;
				CLANG_WARN_NON_LITERAL_NULL_CONVERSION = YES;
				CLANG_WARN_OBJC_IMPLICIT_RETAIN_SELF = YES;
				CLANG_WARN_OBJC_LITERAL_CONVERSION = YES;
				CLANG_WARN_OBJC_ROOT_CLASS = YES_ERROR;
				CLANG_WARN_RANGE_LOOP_ANALYSIS = YES;
				CLANG_WARN_STRICT_PROTOTYPES = YES;
				CLANG_WARN_SUSPICIOUS_MOVE = YES;
				CLANG_WARN_UNGUARDED_AVAILABILITY = YES_AGGRESSIVE;
				CLANG_WARN_UNREACHABLE_CODE = YES;
				CLANG_WARN__DUPLICATE_METHOD_MATCH = YES;
				COPY_PHASE_STRIP = NO;
				DEBUG_INFORMATION_FORMAT = "dwarf-with-dsym";
				ENABLE_NS_ASSERTIONS = NO;
				ENABLE_STRICT_OBJC_MSGSEND = YES;
				GCC_C_LANGUAGE_STANDARD = gnu11;
				GCC_NO_COMMON_BLOCKS = YES;
				GCC_WARN_64_TO_32_BIT_CONVERSION = YES;
				GCC_WARN_ABOUT_RETURN_TYPE = YES_ERROR;
				GCC_WARN_UNDECLARED_SELECTOR = YES;
				GCC_WARN_UNINITIALIZED_AUTOS = YES_AGGRESSIVE;
				GCC_WARN_UNUSED_FUNCTION = YES;
				GCC_WARN_UNUSED_VARIABLE = YES;
				IPHONEOS_DEPLOYMENT_TARGET = 13.2;
				MTL_ENABLE_DEBUG_INFO = NO;
				MTL_FAST_MATH = YES;
				SDKROOT = iphoneos;
				SWIFT_COMPILATION_MODE = wholemodule;
				SWIFT_OPTIMIZATION_LEVEL = "-O";
				VALIDATE_PRODUCT = YES;
			};
			name = Release;
		};
		7746C3DC23DE581E00DDC27C /* Debug */ = {
			isa = XCBuildConfiguration;
			baseConfigurationReference = 49143AAF3F0F9F07745D4977 /* Pods-Virtual Graffiti.debug.xcconfig */;
			buildSettings = {
				ASSETCATALOG_COMPILER_APPICON_NAME = "AppIcon-1";
				CODE_SIGN_IDENTITY = "Apple Development";
				CODE_SIGN_STYLE = Automatic;
				DEVELOPMENT_TEAM = 2XTPH96H59;
				INFOPLIST_FILE = "Virtual Graffiti/Info.plist";
				LD_RUNPATH_SEARCH_PATHS = (
					"$(inherited)",
					"@executable_path/Frameworks",
				);
				MARKETING_VERSION = 1.2;
				PRODUCT_BUNDLE_IDENTIFIER = "edu.ecs-193.virtual-graffiti";
				PRODUCT_NAME = "$(TARGET_NAME)";
				PROVISIONING_PROFILE_SPECIFIER = "";
				SWIFT_VERSION = 5.0;
				TARGETED_DEVICE_FAMILY = "1,2";
			};
			name = Debug;
		};
		7746C3DD23DE581E00DDC27C /* Release */ = {
			isa = XCBuildConfiguration;
			baseConfigurationReference = 4DDD39B1CD0AF522C942535E /* Pods-Virtual Graffiti.release.xcconfig */;
			buildSettings = {
				ASSETCATALOG_COMPILER_APPICON_NAME = "AppIcon-1";
				CODE_SIGN_IDENTITY = "Apple Development";
				CODE_SIGN_STYLE = Automatic;
				DEVELOPMENT_TEAM = 2XTPH96H59;
				INFOPLIST_FILE = "Virtual Graffiti/Info.plist";
				LD_RUNPATH_SEARCH_PATHS = (
					"$(inherited)",
					"@executable_path/Frameworks",
				);
				MARKETING_VERSION = 1.2;
				PRODUCT_BUNDLE_IDENTIFIER = "edu.ecs-193.virtual-graffiti";
				PRODUCT_NAME = "$(TARGET_NAME)";
				PROVISIONING_PROFILE_SPECIFIER = "";
				SWIFT_VERSION = 5.0;
				TARGETED_DEVICE_FAMILY = "1,2";
			};
			name = Release;
		};
		7746C3DF23DE581E00DDC27C /* Debug */ = {
			isa = XCBuildConfiguration;
			baseConfigurationReference = 32B31EB7F8621EB7EEDF6543 /* Pods-Virtual GraffitiTests.debug.xcconfig */;
			buildSettings = {
				ALWAYS_EMBED_SWIFT_STANDARD_LIBRARIES = YES;
				BUNDLE_LOADER = "$(TEST_HOST)";
				CODE_SIGN_STYLE = Automatic;
				INFOPLIST_FILE = LoginTests/Info.plist;
				IPHONEOS_DEPLOYMENT_TARGET = 13.2;
				LD_RUNPATH_SEARCH_PATHS = (
					"$(inherited)",
					"@executable_path/Frameworks",
					"@loader_path/Frameworks",
				);
				PRODUCT_BUNDLE_IDENTIFIER = com.LoginTests;
				PRODUCT_NAME = "$(TARGET_NAME)";
				SWIFT_VERSION = 5.0;
				TARGETED_DEVICE_FAMILY = "1,2";
				TEST_HOST = "$(BUILT_PRODUCTS_DIR)/Virtual Graffiti.app/Virtual Graffiti";
			};
			name = Debug;
		};
		7746C3E023DE581E00DDC27C /* Release */ = {
			isa = XCBuildConfiguration;
			baseConfigurationReference = 62237AEC7538514B5CB55837 /* Pods-Virtual GraffitiTests.release.xcconfig */;
			buildSettings = {
				ALWAYS_EMBED_SWIFT_STANDARD_LIBRARIES = YES;
				BUNDLE_LOADER = "$(TEST_HOST)";
				CODE_SIGN_STYLE = Automatic;
				INFOPLIST_FILE = LoginTests/Info.plist;
				IPHONEOS_DEPLOYMENT_TARGET = 13.2;
				LD_RUNPATH_SEARCH_PATHS = (
					"$(inherited)",
					"@executable_path/Frameworks",
					"@loader_path/Frameworks",
				);
				PRODUCT_BUNDLE_IDENTIFIER = com.LoginTests;
				PRODUCT_NAME = "$(TARGET_NAME)";
				SWIFT_VERSION = 5.0;
				TARGETED_DEVICE_FAMILY = "1,2";
				TEST_HOST = "$(BUILT_PRODUCTS_DIR)/Virtual Graffiti.app/Virtual Graffiti";
			};
			name = Release;
		};
		7746C3E223DE581E00DDC27C /* Debug */ = {
			isa = XCBuildConfiguration;
			baseConfigurationReference = 06794F36345EA5697925031B /* Pods-Virtual Graffiti-Virtual GraffitiUITests.debug.xcconfig */;
			buildSettings = {
				ALWAYS_EMBED_SWIFT_STANDARD_LIBRARIES = YES;
				CODE_SIGN_STYLE = Automatic;
				INFOPLIST_FILE = LoginUITests/Info.plist;
				LD_RUNPATH_SEARCH_PATHS = (
					"$(inherited)",
					"@executable_path/Frameworks",
					"@loader_path/Frameworks",
				);
				PRODUCT_BUNDLE_IDENTIFIER = com.LoginUITests;
				PRODUCT_NAME = "$(TARGET_NAME)";
				SWIFT_VERSION = 5.0;
				TARGETED_DEVICE_FAMILY = "1,2";
				TEST_TARGET_NAME = Login;
			};
			name = Debug;
		};
		7746C3E323DE581E00DDC27C /* Release */ = {
			isa = XCBuildConfiguration;
			baseConfigurationReference = 3B3B6E6539ADE1219B2C6376 /* Pods-Virtual Graffiti-Virtual GraffitiUITests.release.xcconfig */;
			buildSettings = {
				ALWAYS_EMBED_SWIFT_STANDARD_LIBRARIES = YES;
				CODE_SIGN_STYLE = Automatic;
				INFOPLIST_FILE = LoginUITests/Info.plist;
				LD_RUNPATH_SEARCH_PATHS = (
					"$(inherited)",
					"@executable_path/Frameworks",
					"@loader_path/Frameworks",
				);
				PRODUCT_BUNDLE_IDENTIFIER = com.LoginUITests;
				PRODUCT_NAME = "$(TARGET_NAME)";
				SWIFT_VERSION = 5.0;
				TARGETED_DEVICE_FAMILY = "1,2";
				TEST_TARGET_NAME = Login;
			};
			name = Release;
		};
/* End XCBuildConfiguration section */

/* Begin XCConfigurationList section */
		7746C3AC23DE581C00DDC27C /* Build configuration list for PBXProject "Virtual Graffiti" */ = {
			isa = XCConfigurationList;
			buildConfigurations = (
				7746C3D923DE581E00DDC27C /* Debug */,
				7746C3DA23DE581E00DDC27C /* Release */,
			);
			defaultConfigurationIsVisible = 0;
			defaultConfigurationName = Release;
		};
		7746C3DB23DE581E00DDC27C /* Build configuration list for PBXNativeTarget "Virtual Graffiti" */ = {
			isa = XCConfigurationList;
			buildConfigurations = (
				7746C3DC23DE581E00DDC27C /* Debug */,
				7746C3DD23DE581E00DDC27C /* Release */,
			);
			defaultConfigurationIsVisible = 0;
			defaultConfigurationName = Release;
		};
		7746C3DE23DE581E00DDC27C /* Build configuration list for PBXNativeTarget "Virtual GraffitiTests" */ = {
			isa = XCConfigurationList;
			buildConfigurations = (
				7746C3DF23DE581E00DDC27C /* Debug */,
				7746C3E023DE581E00DDC27C /* Release */,
			);
			defaultConfigurationIsVisible = 0;
			defaultConfigurationName = Release;
		};
		7746C3E123DE581E00DDC27C /* Build configuration list for PBXNativeTarget "Virtual GraffitiUITests" */ = {
			isa = XCConfigurationList;
			buildConfigurations = (
				7746C3E223DE581E00DDC27C /* Debug */,
				7746C3E323DE581E00DDC27C /* Release */,
			);
			defaultConfigurationIsVisible = 0;
			defaultConfigurationName = Release;
		};
/* End XCConfigurationList section */
	};
	rootObject = 7746C3A923DE581C00DDC27C /* Project object */;
}
